<?xml version="1.0" encoding="UTF-8"?>
<Project ToolsVersion="14.0" xmlns="http://schemas.microsoft.com/developer/msbuild/2003">
  <ItemGroup>
    <ClCompile Include="E:\Source\gtest\googletest\samples\sample5_unittest.cc">
      <Filter>Source Files</Filter>
    </ClCompile>
    <ClCompile Include="E:\Source\gtest\googletest\samples\sample1.cc">
      <Filter>Source Files</Filter>
    </ClCompile>
  </ItemGroup>
  <ItemGroup>
    <CustomBuild Include="E:\Source\gtest\googletest\CMakeLists.txt" />
  </ItemGroup>
  <ItemGroup>
    <Filter Include="Source Files">
      <UniqueIdentifier>{4E9DAFC3-9C66-3422-8D6D-5FFAD461A437}</UniqueIdentifier>
    </Filter>
  </ItemGroup>
</Project>
