Microsoft Visual Studio Solution File, Format Version 12.00
# Visual Studio 14
Project("{8BC9CEB8-8B4A-11D0-8D11-00A0C91BC942}") = "ALL_BUILD", "ALL_BUILD.vcxproj", "{8C96D5CA-5CCF-39EF-9CBD-A7F9E9A64074}"
	ProjectSection(ProjectDependencies) = postProject
		{B821D2D5-1446-3692-847D-B57980BBAA99} = {B821D2D5-1446-3692-847D-B57980BBAA99}
		{FD099463-30E3-36C3-8295-9608DCCAEF9E} = {FD099463-30E3-36C3-8295-9608DCCAEF9E}
		{F65B7018-CA7C-3A4F-B635-BBDF17473A27} = {F65B7018-CA7C-3A4F-B635-BBDF17473A27}
		{D55E2BEE-5EE4-3B1C-9554-06A91C7B7268} = {D55E2BEE-5EE4-3B1C-9554-06A91C7B7268}
		{19C2018C-50B4-3972-ABAC-4C493EFAE9F0} = {19C2018C-50B4-3972-ABAC-4C493EFAE9F0}
		{DA308DCC-0874-3C97-A302-B13B5090841D} = {DA308DCC-0874-3C97-A302-B13B5090841D}
	EndProjectSection
EndProject
Project("{8BC9CEB8-8B4A-11D0-8D11-00A0C91BC942}") = "INSTALL", "INSTALL.vcxproj", "{5FA08711-F646-3B6C-B73A-5EC2DCA4AB23}"
	ProjectSection(ProjectDependencies) = postProject
		{8C96D5CA-5CCF-39EF-9CBD-A7F9E9A64074} = {8C96D5CA-5CCF-39EF-9CBD-A7F9E9A64074}
		{B821D2D5-1446-3692-847D-B57980BBAA99} = {B821D2D5-1446-3692-847D-B57980BBAA99}
	EndProjectSection
EndProject
Project("{8BC9CEB8-8B4A-11D0-8D11-00A0C91BC942}") = "ZERO_CHECK", "ZERO_CHECK.vcxproj", "{B821D2D5-1446-3692-847D-B57980BBAA99}"
	ProjectSection(ProjectDependencies) = postProject
	EndProjectSection
EndProject
Project("{8BC9CEB8-8B4A-11D0-8D11-00A0C91BC942}") = "js_embed", "js_embed.vcxproj", "{FD099463-30E3-36C3-8295-9608DCCAEF9E}"
	ProjectSection(ProjectDependencies) = postProject
		{B821D2D5-1446-3692-847D-B57980BBAA99} = {B821D2D5-1446-3692-847D-B57980BBAA99}
	EndProjectSection
EndProject
Project("{8BC9CEB8-8B4A-11D0-8D11-00A0C91BC942}") = "libprotobuf", "libprotobuf.vcxproj", "{F65B7018-CA7C-3A4F-B635-BBDF17473A27}"
	ProjectSection(ProjectDependencies) = postProject
		{B821D2D5-1446-3692-847D-B57980BBAA99} = {B821D2D5-1446-3692-847D-B57980BBAA99}
	EndProjectSection
EndProject
Project("{8BC9CEB8-8B4A-11D0-8D11-00A0C91BC942}") = "libprotobuf-lite", "libprotobuf-lite.vcxproj", "{D55E2BEE-5EE4-3B1C-9554-06A91C7B7268}"
	ProjectSection(ProjectDependencies) = postProject
		{B821D2D5-1446-3692-847D-B57980BBAA99} = {B821D2D5-1446-3692-847D-B57980BBAA99}
	EndProjectSection
EndProject
Project("{8BC9CEB8-8B4A-11D0-8D11-00A0C91BC942}") = "libprotoc", "libprotoc.vcxproj", "{19C2018C-50B4-3972-ABAC-4C493EFAE9F0}"
	ProjectSection(ProjectDependencies) = postProject
		{B821D2D5-1446-3692-847D-B57980BBAA99} = {B821D2D5-1446-3692-847D-B57980BBAA99}
		{FD099463-30E3-36C3-8295-9608DCCAEF9E} = {FD099463-30E3-36C3-8295-9608DCCAEF9E}
		{F65B7018-CA7C-3A4F-B635-BBDF17473A27} = {F65B7018-CA7C-3A4F-B635-BBDF17473A27}
	EndProjectSection
EndProject
Project("{8BC9CEB8-8B4A-11D0-8D11-00A0C91BC942}") = "protoc", "protoc.vcxproj", "{DA308DCC-0874-3C97-A302-B13B5090841D}"
	ProjectSection(ProjectDependencies) = postProject
		{B821D2D5-1446-3692-847D-B57980BBAA99} = {B821D2D5-1446-3692-847D-B57980BBAA99}
		{F65B7018-CA7C-3A4F-B635-BBDF17473A27} = {F65B7018-CA7C-3A4F-B635-BBDF17473A27}
		{19C2018C-50B4-3972-ABAC-4C493EFAE9F0} = {19C2018C-50B4-3972-ABAC-4C493EFAE9F0}
	EndProjectSection
EndProject
Global
	GlobalSection(SolutionConfigurationPlatforms) = preSolution
		Debug|x64 = Debug|x64
		Release|x64 = Release|x64
	EndGlobalSection
	GlobalSection(ProjectConfigurationPlatforms) = postSolution
		{8C96D5CA-5CCF-39EF-9CBD-A7F9E9A64074}.Debug|x64.ActiveCfg = Debug|x64
		{8C96D5CA-5CCF-39EF-9CBD-A7F9E9A64074}.Debug|x64.Build.0 = Debug|x64
		{8C96D5CA-5CCF-39EF-9CBD-A7F9E9A64074}.Release|x64.ActiveCfg = Release|x64
		{8C96D5CA-5CCF-39EF-9CBD-A7F9E9A64074}.Release|x64.Build.0 = Release|x64
		{5FA08711-F646-3B6C-B73A-5EC2DCA4AB23}.Debug|x64.ActiveCfg = Debug|x64
		{5FA08711-F646-3B6C-B73A-5EC2DCA4AB23}.Release|x64.ActiveCfg = Release|x64
		{B821D2D5-1446-3692-847D-B57980BBAA99}.Debug|x64.ActiveCfg = Debug|x64
		{B821D2D5-1446-3692-847D-B57980BBAA99}.Debug|x64.Build.0 = Debug|x64
		{B821D2D5-1446-3692-847D-B57980BBAA99}.Release|x64.ActiveCfg = Release|x64
		{B821D2D5-1446-3692-847D-B57980BBAA99}.Release|x64.Build.0 = Release|x64
		{FD099463-30E3-36C3-8295-9608DCCAEF9E}.Debug|x64.ActiveCfg = Debug|x64
		{FD099463-30E3-36C3-8295-9608DCCAEF9E}.Debug|x64.Build.0 = Debug|x64
		{FD099463-30E3-36C3-8295-9608DCCAEF9E}.Release|x64.ActiveCfg = Release|x64
		{FD099463-30E3-36C3-8295-9608DCCAEF9E}.Release|x64.Build.0 = Release|x64
		{F65B7018-CA7C-3A4F-B635-BBDF17473A27}.Debug|x64.ActiveCfg = Debug|x64
		{F65B7018-CA7C-3A4F-B635-BBDF17473A27}.Debug|x64.Build.0 = Debug|x64
		{F65B7018-CA7C-3A4F-B635-BBDF17473A27}.Release|x64.ActiveCfg = Release|x64
		{F65B7018-CA7C-3A4F-B635-BBDF17473A27}.Release|x64.Build.0 = Release|x64
		{D55E2BEE-5EE4-3B1C-9554-06A91C7B7268}.Debug|x64.ActiveCfg = Debug|x64
		{D55E2BEE-5EE4-3B1C-9554-06A91C7B7268}.Debug|x64.Build.0 = Debug|x64
		{D55E2BEE-5EE4-3B1C-9554-06A91C7B7268}.Release|x64.ActiveCfg = Release|x64
		{D55E2BEE-5EE4-3B1C-9554-06A91C7B7268}.Release|x64.Build.0 = Release|x64
		{19C2018C-50B4-3972-ABAC-4C493EFAE9F0}.Debug|x64.ActiveCfg = Debug|x64
		{19C2018C-50B4-3972-ABAC-4C493EFAE9F0}.Debug|x64.Build.0 = Debug|x64
		{19C2018C-50B4-3972-ABAC-4C493EFAE9F0}.Release|x64.ActiveCfg = Release|x64
		{19C2018C-50B4-3972-ABAC-4C493EFAE9F0}.Release|x64.Build.0 = Release|x64
		{DA308DCC-0874-3C97-A302-B13B5090841D}.Debug|x64.ActiveCfg = Debug|x64
		{DA308DCC-0874-3C97-A302-B13B5090841D}.Debug|x64.Build.0 = Debug|x64
		{DA308DCC-0874-3C97-A302-B13B5090841D}.Release|x64.ActiveCfg = Release|x64
		{DA308DCC-0874-3C97-A302-B13B5090841D}.Release|x64.Build.0 = Release|x64
	EndGlobalSection
	GlobalSection(ExtensibilityGlobals) = postSolution
		SolutionGuid = {8FB9AFDD-A3F2-3DC5-B217-2453150B69FC}
	EndGlobalSection
	GlobalSection(ExtensibilityAddIns) = postSolution
	EndGlobalSection
EndGlobal
