<?xml version="1.0" encoding="UTF-8"?>
<Project ToolsVersion="14.0" xmlns="http://schemas.microsoft.com/developer/msbuild/2003">
  <ItemGroup>
    <ClCompile Include="E:\Source\gflags\src\gflags.cc">
      <Filter>Source Files</Filter>
    </ClCompile>
    <ClCompile Include="E:\Source\gflags\src\gflags_reporting.cc">
      <Filter>Source Files</Filter>
    </ClCompile>
    <ClCompile Include="E:\Source\gflags\src\gflags_completions.cc">
      <Filter>Source Files</Filter>
    </ClCompile>
    <ClCompile Include="E:\Source\gflags\src\windows_port.cc">
      <Filter>Source Files</Filter>
    </ClCompile>
  </ItemGroup>
  <ItemGroup>
    <ClInclude Include="E:\Working\dbyoung\VS2015\Source\14.gflags\include\gflags\defines.h">
      <Filter>Header Files</Filter>
    </ClInclude>
    <ClInclude Include="E:\Source\gflags\src\config.h">
      <Filter>Header Files</Filter>
    </ClInclude>
    <ClInclude Include="E:\Source\gflags\src\util.h">
      <Filter>Header Files</Filter>
    </ClInclude>
    <ClInclude Include="E:\Source\gflags\src\mutex.h">
      <Filter>Header Files</Filter>
    </ClInclude>
    <ClInclude Include="E:\Source\gflags\src\windows_port.h">
      <Filter>Header Files</Filter>
    </ClInclude>
    <ClInclude Include="E:\Working\dbyoung\VS2015\Source\14.gflags\include\gflags\gflags.h">
      <Filter>Header Files</Filter>
    </ClInclude>
    <ClInclude Include="E:\Working\dbyoung\VS2015\Source\14.gflags\include\gflags\gflags_declare.h">
      <Filter>Header Files</Filter>
    </ClInclude>
    <ClInclude Include="E:\Working\dbyoung\VS2015\Source\14.gflags\include\gflags\gflags_completions.h">
      <Filter>Header Files</Filter>
    </ClInclude>
    <ClInclude Include="E:\Working\dbyoung\VS2015\Source\14.gflags\include\gflags\gflags_gflags.h">
      <Filter>Header Files</Filter>
    </ClInclude>
  </ItemGroup>
  <ItemGroup>
    <CustomBuild Include="E:\Source\gflags\CMakeLists.txt" />
  </ItemGroup>
  <ItemGroup>
    <Filter Include="Source Files">
      <UniqueIdentifier>{ED82D98A-E3AF-37C3-B4EF-461E0284381B}</UniqueIdentifier>
    </Filter>
    <Filter Include="Header Files">
      <UniqueIdentifier>{8709E220-DAA9-3B75-8F68-EA380D530CAF}</UniqueIdentifier>
    </Filter>
  </ItemGroup>
</Project>
