Microsoft Visual Studio Solution File, Format Version 12.00
# Visual Studio 14
Project("{8BC9CEB8-8B4A-11D0-8D11-00A0C91BC942}") = "ALL_BUILD", "ALL_BUILD.vcxproj", "{35D78AFF-865C-3444-99E1-D3BADD4B87C8}"
	ProjectSection(ProjectDependencies) = postProject
		{1E52ABB0-5F18-3E91-AD18-7FCB03B4A3BC} = {1E52ABB0-5F18-3E91-AD18-7FCB03B4A3BC}
		{CE0427FE-A860-3EB9-BE13-4D6A38C5304F} = {CE0427FE-A860-3EB9-BE13-4D6A38C5304F}
		{2F75A175-687C-329A-B1AB-22092037FBE8} = {2F75A175-687C-329A-B1AB-22092037FBE8}
		{D99000EA-D8FF-3BAB-AF5C-ECE1236041F8} = {D99000EA-D8FF-3BAB-AF5C-ECE1236041F8}
		{110FEB4C-F4CE-34C4-878C-768728233319} = {110FEB4C-F4CE-34C4-878C-768728233319}
		{F5BF16C2-D2A1-30E0-B032-5F9A7240C4F0} = {F5BF16C2-D2A1-30E0-B032-5F9A7240C4F0}
		{F723860D-C9CF-3A88-8ACE-5839C89B9A9B} = {F723860D-C9CF-3A88-8ACE-5839C89B9A9B}
		{9CA8F0B2-D968-3573-9257-C35BCDDD29A7} = {9CA8F0B2-D968-3573-9257-C35BCDDD29A7}
		{6FC46283-7749-39B3-8673-EEE1100094C6} = {6FC46283-7749-39B3-8673-EEE1100094C6}
		{1BC2922A-5580-309A-B39E-6540709DE1F4} = {1BC2922A-5580-309A-B39E-6540709DE1F4}
		{96F143D2-F197-3D0A-863F-A33ECF62043A} = {96F143D2-F197-3D0A-863F-A33ECF62043A}
		{E6C134AA-653E-3D5E-AC4E-7A6F616CB715} = {E6C134AA-653E-3D5E-AC4E-7A6F616CB715}
		{E8196D21-5C31-355B-996C-9A21BCFFBEF7} = {E8196D21-5C31-355B-996C-9A21BCFFBEF7}
		{878FAA72-5290-3A63-B43B-5F86FD9E78AB} = {878FAA72-5290-3A63-B43B-5F86FD9E78AB}
		{1D561F2A-1355-3C82-979F-02154E1A0909} = {1D561F2A-1355-3C82-979F-02154E1A0909}
		{4ADF6E87-FDD9-3871-893E-1F5B98B424BF} = {4ADF6E87-FDD9-3871-893E-1F5B98B424BF}
		{4773552D-72A1-34F6-8121-9ABDDC8CC5D3} = {4773552D-72A1-34F6-8121-9ABDDC8CC5D3}
		{EC6038F0-8D4A-3529-98DA-96BBAACEFEB1} = {EC6038F0-8D4A-3529-98DA-96BBAACEFEB1}
		{B333270F-8072-3E14-ABFC-3B2C62042C40} = {B333270F-8072-3E14-ABFC-3B2C62042C40}
		{009F5643-EE4E-3874-A62F-47A8C8813420} = {009F5643-EE4E-3874-A62F-47A8C8813420}
		{93CA6BEC-DDD2-3048-8384-E26089697025} = {93CA6BEC-DDD2-3048-8384-E26089697025}
		{6199C568-1D3E-3639-9B2C-DD547689C574} = {6199C568-1D3E-3639-9B2C-DD547689C574}
		{FC4B4188-D340-3DC7-9794-E6672C8B308C} = {FC4B4188-D340-3DC7-9794-E6672C8B308C}
		{FC0A33F5-243D-3C17-A86E-126817F7FC25} = {FC0A33F5-243D-3C17-A86E-126817F7FC25}
		{6B878AAB-7E91-30EE-858C-B72CB9633840} = {6B878AAB-7E91-30EE-858C-B72CB9633840}
		{75E5F60D-CCD0-34E2-A9FC-AD86F4077CA1} = {75E5F60D-CCD0-34E2-A9FC-AD86F4077CA1}
		{2FD30709-9750-3AF8-ADBF-B840523557A5} = {2FD30709-9750-3AF8-ADBF-B840523557A5}
		{5931399C-16D8-30C1-B978-C46762F9A85A} = {5931399C-16D8-30C1-B978-C46762F9A85A}
		{723F0F4F-997C-3D7C-805A-0CD4B604D5C9} = {723F0F4F-997C-3D7C-805A-0CD4B604D5C9}
		{24514F54-6755-30D2-8BD4-04C03A5F9AA4} = {24514F54-6755-30D2-8BD4-04C03A5F9AA4}
		{7936A40F-9F52-3123-B2AE-DC69EA78D4C3} = {7936A40F-9F52-3123-B2AE-DC69EA78D4C3}
		{474A93CB-0497-3266-B3BB-BF486A210DD4} = {474A93CB-0497-3266-B3BB-BF486A210DD4}
		{5EE60F28-7547-3741-B60C-9A32A6B69688} = {5EE60F28-7547-3741-B60C-9A32A6B69688}
		{4F743483-4861-3BA7-BC14-D736E9C5EADD} = {4F743483-4861-3BA7-BC14-D736E9C5EADD}
		{C6E2272A-EA73-3240-8F5F-4914A4AE4BA2} = {C6E2272A-EA73-3240-8F5F-4914A4AE4BA2}
		{6A4147D7-D9D9-3686-AB03-6439917AE865} = {6A4147D7-D9D9-3686-AB03-6439917AE865}
		{4ABC843D-53E5-315B-946C-715F96C311CA} = {4ABC843D-53E5-315B-946C-715F96C311CA}
		{D3704EB3-1E7F-3AF3-A553-A5FFC9E097AD} = {D3704EB3-1E7F-3AF3-A553-A5FFC9E097AD}
		{E5777CF9-AE63-3671-9DC9-57590016EF4D} = {E5777CF9-AE63-3671-9DC9-57590016EF4D}
		{33695D24-0FBD-31C0-8F10-8B3AB584838C} = {33695D24-0FBD-31C0-8F10-8B3AB584838C}
		{B9116A01-837E-31A2-B861-2FAEA2918E7C} = {B9116A01-837E-31A2-B861-2FAEA2918E7C}
		{4CF23346-87F4-3755-84F6-1DB0B1692F98} = {4CF23346-87F4-3755-84F6-1DB0B1692F98}
		{2A87A064-C4A6-3D9E-B58D-11384D4E3B41} = {2A87A064-C4A6-3D9E-B58D-11384D4E3B41}
		{BD5CDC80-F38C-3F07-B829-562F50793E03} = {BD5CDC80-F38C-3F07-B829-562F50793E03}
		{DBE377A8-ED5B-3489-925A-4A7CEFD36D7C} = {DBE377A8-ED5B-3489-925A-4A7CEFD36D7C}
		{9B618B3A-39AD-3E69-8BE3-A74373C03361} = {9B618B3A-39AD-3E69-8BE3-A74373C03361}
		{4D97AB37-5AC5-3D82-B9A1-1E7D12B1CAEF} = {4D97AB37-5AC5-3D82-B9A1-1E7D12B1CAEF}
		{C3C82641-0300-3CA8-B1EE-C36C2FA44DE1} = {C3C82641-0300-3CA8-B1EE-C36C2FA44DE1}
		{7F7676AB-3158-3B41-93AB-2DA87C3CC8FA} = {7F7676AB-3158-3B41-93AB-2DA87C3CC8FA}
		{3FCB05CA-1556-3BE0-A4E9-B4036F90557D} = {3FCB05CA-1556-3BE0-A4E9-B4036F90557D}
		{2845D490-4ED1-3E9A-8C79-4F8E4EEDB68E} = {2845D490-4ED1-3E9A-8C79-4F8E4EEDB68E}
		{43FB73BC-FBD6-3E9B-9D43-7ADA29E09577} = {43FB73BC-FBD6-3E9B-9D43-7ADA29E09577}
		{0E655858-F9FA-38C2-B8D8-AB212B694417} = {0E655858-F9FA-38C2-B8D8-AB212B694417}
		{3CC5BDE6-32A8-3990-91D9-33E086A29388} = {3CC5BDE6-32A8-3990-91D9-33E086A29388}
		{15B5AABB-CF38-38B4-911C-140151DF37B9} = {15B5AABB-CF38-38B4-911C-140151DF37B9}
		{D363ECB5-C72E-3C0C-81E2-61EFFB08ABB6} = {D363ECB5-C72E-3C0C-81E2-61EFFB08ABB6}
		{755E8584-1A91-3A0F-8301-BD43B2944417} = {755E8584-1A91-3A0F-8301-BD43B2944417}
		{CE42603E-5089-3B3B-898D-CB9693FF8D63} = {CE42603E-5089-3B3B-898D-CB9693FF8D63}
		{8700A1DB-AB53-3966-A618-AA20EE7C0B07} = {8700A1DB-AB53-3966-A618-AA20EE7C0B07}
		{86A62E22-2B99-39E1-A4E8-B5B2C6B6301C} = {86A62E22-2B99-39E1-A4E8-B5B2C6B6301C}
		{78E7D895-F540-385F-A028-7A17BEE89744} = {78E7D895-F540-385F-A028-7A17BEE89744}
		{05686DA0-2606-366F-831C-4EC2565ACBE2} = {05686DA0-2606-366F-831C-4EC2565ACBE2}
		{6838CE91-70CE-3172-A930-D19B4C766F07} = {6838CE91-70CE-3172-A930-D19B4C766F07}
		{31301D98-3AA8-3D6E-A62D-6D626E184BBC} = {31301D98-3AA8-3D6E-A62D-6D626E184BBC}
		{7A36AABD-8E3B-3B40-8DD6-A92931D02E3C} = {7A36AABD-8E3B-3B40-8DD6-A92931D02E3C}
		{0535D4B8-E410-395D-8C84-F5193562023A} = {0535D4B8-E410-395D-8C84-F5193562023A}
		{377CBBFF-A6CA-38BB-8BD6-185F140FA007} = {377CBBFF-A6CA-38BB-8BD6-185F140FA007}
		{19B3A09E-7B31-3B01-B017-5E293BDE78EC} = {19B3A09E-7B31-3B01-B017-5E293BDE78EC}
		{5011BFBD-DB10-3D76-9BB4-C9E9E88EF52B} = {5011BFBD-DB10-3D76-9BB4-C9E9E88EF52B}
		{B54AA56A-5A93-387C-A585-57A3B982C982} = {B54AA56A-5A93-387C-A585-57A3B982C982}
		{5915849D-4CB5-31DF-B157-B8791E83F0E4} = {5915849D-4CB5-31DF-B157-B8791E83F0E4}
		{0CC2F14D-9614-3202-A1DE-177767205BEB} = {0CC2F14D-9614-3202-A1DE-177767205BEB}
		{FC195645-113C-3D08-A918-5D2DAB517E93} = {FC195645-113C-3D08-A918-5D2DAB517E93}
		{5314D004-3E40-34F2-97A2-25AD2340C751} = {5314D004-3E40-34F2-97A2-25AD2340C751}
		{A55C3922-1B8E-3D8C-82A4-0FC187FE1A82} = {A55C3922-1B8E-3D8C-82A4-0FC187FE1A82}
		{F2213665-3611-3BCF-BA5B-E949D45EC973} = {F2213665-3611-3BCF-BA5B-E949D45EC973}
		{8ECED228-5EB7-3EAE-9009-50B42F5B1CD0} = {8ECED228-5EB7-3EAE-9009-50B42F5B1CD0}
		{2C83C679-92DE-3723-B6FF-7F530C10C3DD} = {2C83C679-92DE-3723-B6FF-7F530C10C3DD}
		{F2199F2D-33CA-36DA-BE64-B7BF2CFE732C} = {F2199F2D-33CA-36DA-BE64-B7BF2CFE732C}
		{6EF3AF94-0C07-3E45-999E-3B9D6FC906BA} = {6EF3AF94-0C07-3E45-999E-3B9D6FC906BA}
		{F14CC2EC-7CE6-35F0-BECE-3F00345560A8} = {F14CC2EC-7CE6-35F0-BECE-3F00345560A8}
		{12486FF8-70E8-3779-B617-8A70B9D4F0D3} = {12486FF8-70E8-3779-B617-8A70B9D4F0D3}
		{D1C54C8B-61BA-31A9-B183-DE5F981577ED} = {D1C54C8B-61BA-31A9-B183-DE5F981577ED}
		{DE44784A-548D-335B-B258-5AF93CFED29C} = {DE44784A-548D-335B-B258-5AF93CFED29C}
	EndProjectSection
EndProject
Project("{8BC9CEB8-8B4A-11D0-8D11-00A0C91BC942}") = "INSTALL", "INSTALL.vcxproj", "{98F7E6A3-2BFC-3E54-9AC4-54DEE0AE48B5}"
	ProjectSection(ProjectDependencies) = postProject
		{35D78AFF-865C-3444-99E1-D3BADD4B87C8} = {35D78AFF-865C-3444-99E1-D3BADD4B87C8}
		{1E52ABB0-5F18-3E91-AD18-7FCB03B4A3BC} = {1E52ABB0-5F18-3E91-AD18-7FCB03B4A3BC}
	EndProjectSection
EndProject
Project("{8BC9CEB8-8B4A-11D0-8D11-00A0C91BC942}") = "RUN_TESTS", "RUN_TESTS.vcxproj", "{AEF4CB0F-58F9-3191-8C2B-B7350D7D9509}"
	ProjectSection(ProjectDependencies) = postProject
		{1E52ABB0-5F18-3E91-AD18-7FCB03B4A3BC} = {1E52ABB0-5F18-3E91-AD18-7FCB03B4A3BC}
	EndProjectSection
EndProject
Project("{8BC9CEB8-8B4A-11D0-8D11-00A0C91BC942}") = "ZERO_CHECK", "ZERO_CHECK.vcxproj", "{1E52ABB0-5F18-3E91-AD18-7FCB03B4A3BC}"
	ProjectSection(ProjectDependencies) = postProject
	EndProjectSection
EndProject
Project("{8BC9CEB8-8B4A-11D0-8D11-00A0C91BC942}") = "gmock", "googlemock\gmock.vcxproj", "{CE0427FE-A860-3EB9-BE13-4D6A38C5304F}"
	ProjectSection(ProjectDependencies) = postProject
		{1E52ABB0-5F18-3E91-AD18-7FCB03B4A3BC} = {1E52ABB0-5F18-3E91-AD18-7FCB03B4A3BC}
	EndProjectSection
EndProject
Project("{8BC9CEB8-8B4A-11D0-8D11-00A0C91BC942}") = "gmock-actions_test", "googlemock\gmock-actions_test.vcxproj", "{2F75A175-687C-329A-B1AB-22092037FBE8}"
	ProjectSection(ProjectDependencies) = postProject
		{1E52ABB0-5F18-3E91-AD18-7FCB03B4A3BC} = {1E52ABB0-5F18-3E91-AD18-7FCB03B4A3BC}
		{B333270F-8072-3E14-ABFC-3B2C62042C40} = {B333270F-8072-3E14-ABFC-3B2C62042C40}
	EndProjectSection
EndProject
Project("{8BC9CEB8-8B4A-11D0-8D11-00A0C91BC942}") = "gmock-cardinalities_test", "googlemock\gmock-cardinalities_test.vcxproj", "{D99000EA-D8FF-3BAB-AF5C-ECE1236041F8}"
	ProjectSection(ProjectDependencies) = postProject
		{1E52ABB0-5F18-3E91-AD18-7FCB03B4A3BC} = {1E52ABB0-5F18-3E91-AD18-7FCB03B4A3BC}
		{B333270F-8072-3E14-ABFC-3B2C62042C40} = {B333270F-8072-3E14-ABFC-3B2C62042C40}
	EndProjectSection
EndProject
Project("{8BC9CEB8-8B4A-11D0-8D11-00A0C91BC942}") = "gmock-generated-actions_test", "googlemock\gmock-generated-actions_test.vcxproj", "{110FEB4C-F4CE-34C4-878C-768728233319}"
	ProjectSection(ProjectDependencies) = postProject
		{1E52ABB0-5F18-3E91-AD18-7FCB03B4A3BC} = {1E52ABB0-5F18-3E91-AD18-7FCB03B4A3BC}
		{B333270F-8072-3E14-ABFC-3B2C62042C40} = {B333270F-8072-3E14-ABFC-3B2C62042C40}
	EndProjectSection
EndProject
Project("{8BC9CEB8-8B4A-11D0-8D11-00A0C91BC942}") = "gmock-generated-function-mockers_test", "googlemock\gmock-generated-function-mockers_test.vcxproj", "{F5BF16C2-D2A1-30E0-B032-5F9A7240C4F0}"
	ProjectSection(ProjectDependencies) = postProject
		{1E52ABB0-5F18-3E91-AD18-7FCB03B4A3BC} = {1E52ABB0-5F18-3E91-AD18-7FCB03B4A3BC}
		{B333270F-8072-3E14-ABFC-3B2C62042C40} = {B333270F-8072-3E14-ABFC-3B2C62042C40}
	EndProjectSection
EndProject
Project("{8BC9CEB8-8B4A-11D0-8D11-00A0C91BC942}") = "gmock-generated-internal-utils_test", "googlemock\gmock-generated-internal-utils_test.vcxproj", "{F723860D-C9CF-3A88-8ACE-5839C89B9A9B}"
	ProjectSection(ProjectDependencies) = postProject
		{1E52ABB0-5F18-3E91-AD18-7FCB03B4A3BC} = {1E52ABB0-5F18-3E91-AD18-7FCB03B4A3BC}
		{B333270F-8072-3E14-ABFC-3B2C62042C40} = {B333270F-8072-3E14-ABFC-3B2C62042C40}
	EndProjectSection
EndProject
Project("{8BC9CEB8-8B4A-11D0-8D11-00A0C91BC942}") = "gmock-generated-matchers_test", "googlemock\gmock-generated-matchers_test.vcxproj", "{9CA8F0B2-D968-3573-9257-C35BCDDD29A7}"
	ProjectSection(ProjectDependencies) = postProject
		{1E52ABB0-5F18-3E91-AD18-7FCB03B4A3BC} = {1E52ABB0-5F18-3E91-AD18-7FCB03B4A3BC}
		{B333270F-8072-3E14-ABFC-3B2C62042C40} = {B333270F-8072-3E14-ABFC-3B2C62042C40}
	EndProjectSection
EndProject
Project("{8BC9CEB8-8B4A-11D0-8D11-00A0C91BC942}") = "gmock-internal-utils_test", "googlemock\gmock-internal-utils_test.vcxproj", "{6FC46283-7749-39B3-8673-EEE1100094C6}"
	ProjectSection(ProjectDependencies) = postProject
		{1E52ABB0-5F18-3E91-AD18-7FCB03B4A3BC} = {1E52ABB0-5F18-3E91-AD18-7FCB03B4A3BC}
		{B333270F-8072-3E14-ABFC-3B2C62042C40} = {B333270F-8072-3E14-ABFC-3B2C62042C40}
	EndProjectSection
EndProject
Project("{8BC9CEB8-8B4A-11D0-8D11-00A0C91BC942}") = "gmock-matchers_test", "googlemock\gmock-matchers_test.vcxproj", "{1BC2922A-5580-309A-B39E-6540709DE1F4}"
	ProjectSection(ProjectDependencies) = postProject
		{1E52ABB0-5F18-3E91-AD18-7FCB03B4A3BC} = {1E52ABB0-5F18-3E91-AD18-7FCB03B4A3BC}
		{B333270F-8072-3E14-ABFC-3B2C62042C40} = {B333270F-8072-3E14-ABFC-3B2C62042C40}
	EndProjectSection
EndProject
Project("{8BC9CEB8-8B4A-11D0-8D11-00A0C91BC942}") = "gmock-more-actions_no_exception_test", "googlemock\gmock-more-actions_no_exception_test.vcxproj", "{96F143D2-F197-3D0A-863F-A33ECF62043A}"
	ProjectSection(ProjectDependencies) = postProject
		{1E52ABB0-5F18-3E91-AD18-7FCB03B4A3BC} = {1E52ABB0-5F18-3E91-AD18-7FCB03B4A3BC}
		{009F5643-EE4E-3874-A62F-47A8C8813420} = {009F5643-EE4E-3874-A62F-47A8C8813420}
	EndProjectSection
EndProject
Project("{8BC9CEB8-8B4A-11D0-8D11-00A0C91BC942}") = "gmock-more-actions_test", "googlemock\gmock-more-actions_test.vcxproj", "{E6C134AA-653E-3D5E-AC4E-7A6F616CB715}"
	ProjectSection(ProjectDependencies) = postProject
		{1E52ABB0-5F18-3E91-AD18-7FCB03B4A3BC} = {1E52ABB0-5F18-3E91-AD18-7FCB03B4A3BC}
		{B333270F-8072-3E14-ABFC-3B2C62042C40} = {B333270F-8072-3E14-ABFC-3B2C62042C40}
	EndProjectSection
EndProject
Project("{8BC9CEB8-8B4A-11D0-8D11-00A0C91BC942}") = "gmock-nice-strict_test", "googlemock\gmock-nice-strict_test.vcxproj", "{E8196D21-5C31-355B-996C-9A21BCFFBEF7}"
	ProjectSection(ProjectDependencies) = postProject
		{1E52ABB0-5F18-3E91-AD18-7FCB03B4A3BC} = {1E52ABB0-5F18-3E91-AD18-7FCB03B4A3BC}
		{B333270F-8072-3E14-ABFC-3B2C62042C40} = {B333270F-8072-3E14-ABFC-3B2C62042C40}
	EndProjectSection
EndProject
Project("{8BC9CEB8-8B4A-11D0-8D11-00A0C91BC942}") = "gmock-port_test", "googlemock\gmock-port_test.vcxproj", "{878FAA72-5290-3A63-B43B-5F86FD9E78AB}"
	ProjectSection(ProjectDependencies) = postProject
		{1E52ABB0-5F18-3E91-AD18-7FCB03B4A3BC} = {1E52ABB0-5F18-3E91-AD18-7FCB03B4A3BC}
		{B333270F-8072-3E14-ABFC-3B2C62042C40} = {B333270F-8072-3E14-ABFC-3B2C62042C40}
	EndProjectSection
EndProject
Project("{8BC9CEB8-8B4A-11D0-8D11-00A0C91BC942}") = "gmock-spec-builders_test", "googlemock\gmock-spec-builders_test.vcxproj", "{1D561F2A-1355-3C82-979F-02154E1A0909}"
	ProjectSection(ProjectDependencies) = postProject
		{1E52ABB0-5F18-3E91-AD18-7FCB03B4A3BC} = {1E52ABB0-5F18-3E91-AD18-7FCB03B4A3BC}
		{B333270F-8072-3E14-ABFC-3B2C62042C40} = {B333270F-8072-3E14-ABFC-3B2C62042C40}
	EndProjectSection
EndProject
Project("{8BC9CEB8-8B4A-11D0-8D11-00A0C91BC942}") = "gmock_ex_test", "googlemock\gmock_ex_test.vcxproj", "{4ADF6E87-FDD9-3871-893E-1F5B98B424BF}"
	ProjectSection(ProjectDependencies) = postProject
		{1E52ABB0-5F18-3E91-AD18-7FCB03B4A3BC} = {1E52ABB0-5F18-3E91-AD18-7FCB03B4A3BC}
		{B333270F-8072-3E14-ABFC-3B2C62042C40} = {B333270F-8072-3E14-ABFC-3B2C62042C40}
	EndProjectSection
EndProject
Project("{8BC9CEB8-8B4A-11D0-8D11-00A0C91BC942}") = "gmock_leak_test_", "googlemock\gmock_leak_test_.vcxproj", "{4773552D-72A1-34F6-8121-9ABDDC8CC5D3}"
	ProjectSection(ProjectDependencies) = postProject
		{1E52ABB0-5F18-3E91-AD18-7FCB03B4A3BC} = {1E52ABB0-5F18-3E91-AD18-7FCB03B4A3BC}
		{B333270F-8072-3E14-ABFC-3B2C62042C40} = {B333270F-8072-3E14-ABFC-3B2C62042C40}
	EndProjectSection
EndProject
Project("{8BC9CEB8-8B4A-11D0-8D11-00A0C91BC942}") = "gmock_link_test", "googlemock\gmock_link_test.vcxproj", "{EC6038F0-8D4A-3529-98DA-96BBAACEFEB1}"
	ProjectSection(ProjectDependencies) = postProject
		{1E52ABB0-5F18-3E91-AD18-7FCB03B4A3BC} = {1E52ABB0-5F18-3E91-AD18-7FCB03B4A3BC}
		{B333270F-8072-3E14-ABFC-3B2C62042C40} = {B333270F-8072-3E14-ABFC-3B2C62042C40}
	EndProjectSection
EndProject
Project("{8BC9CEB8-8B4A-11D0-8D11-00A0C91BC942}") = "gmock_main", "googlemock\gmock_main.vcxproj", "{B333270F-8072-3E14-ABFC-3B2C62042C40}"
	ProjectSection(ProjectDependencies) = postProject
		{1E52ABB0-5F18-3E91-AD18-7FCB03B4A3BC} = {1E52ABB0-5F18-3E91-AD18-7FCB03B4A3BC}
	EndProjectSection
EndProject
Project("{8BC9CEB8-8B4A-11D0-8D11-00A0C91BC942}") = "gmock_main_no_exception", "googlemock\gmock_main_no_exception.vcxproj", "{009F5643-EE4E-3874-A62F-47A8C8813420}"
	ProjectSection(ProjectDependencies) = postProject
		{1E52ABB0-5F18-3E91-AD18-7FCB03B4A3BC} = {1E52ABB0-5F18-3E91-AD18-7FCB03B4A3BC}
	EndProjectSection
EndProject
Project("{8BC9CEB8-8B4A-11D0-8D11-00A0C91BC942}") = "gmock_main_no_rtti", "googlemock\gmock_main_no_rtti.vcxproj", "{93CA6BEC-DDD2-3048-8384-E26089697025}"
	ProjectSection(ProjectDependencies) = postProject
		{1E52ABB0-5F18-3E91-AD18-7FCB03B4A3BC} = {1E52ABB0-5F18-3E91-AD18-7FCB03B4A3BC}
	EndProjectSection
EndProject
Project("{8BC9CEB8-8B4A-11D0-8D11-00A0C91BC942}") = "gmock_no_rtti_test", "googlemock\gmock_no_rtti_test.vcxproj", "{6199C568-1D3E-3639-9B2C-DD547689C574}"
	ProjectSection(ProjectDependencies) = postProject
		{1E52ABB0-5F18-3E91-AD18-7FCB03B4A3BC} = {1E52ABB0-5F18-3E91-AD18-7FCB03B4A3BC}
		{93CA6BEC-DDD2-3048-8384-E26089697025} = {93CA6BEC-DDD2-3048-8384-E26089697025}
	EndProjectSection
EndProject
Project("{8BC9CEB8-8B4A-11D0-8D11-00A0C91BC942}") = "gmock_output_test_", "googlemock\gmock_output_test_.vcxproj", "{FC4B4188-D340-3DC7-9794-E6672C8B308C}"
	ProjectSection(ProjectDependencies) = postProject
		{1E52ABB0-5F18-3E91-AD18-7FCB03B4A3BC} = {1E52ABB0-5F18-3E91-AD18-7FCB03B4A3BC}
		{CE0427FE-A860-3EB9-BE13-4D6A38C5304F} = {CE0427FE-A860-3EB9-BE13-4D6A38C5304F}
	EndProjectSection
EndProject
Project("{8BC9CEB8-8B4A-11D0-8D11-00A0C91BC942}") = "gmock_test", "googlemock\gmock_test.vcxproj", "{FC0A33F5-243D-3C17-A86E-126817F7FC25}"
	ProjectSection(ProjectDependencies) = postProject
		{1E52ABB0-5F18-3E91-AD18-7FCB03B4A3BC} = {1E52ABB0-5F18-3E91-AD18-7FCB03B4A3BC}
		{B333270F-8072-3E14-ABFC-3B2C62042C40} = {B333270F-8072-3E14-ABFC-3B2C62042C40}
	EndProjectSection
EndProject
Project("{8BC9CEB8-8B4A-11D0-8D11-00A0C91BC942}") = "gtest", "googlemock\gtest\gtest.vcxproj", "{6B878AAB-7E91-30EE-858C-B72CB9633840}"
	ProjectSection(ProjectDependencies) = postProject
		{1E52ABB0-5F18-3E91-AD18-7FCB03B4A3BC} = {1E52ABB0-5F18-3E91-AD18-7FCB03B4A3BC}
	EndProjectSection
EndProject
Project("{8BC9CEB8-8B4A-11D0-8D11-00A0C91BC942}") = "gtest-death-test_ex_catch_test", "googlemock\gtest\gtest-death-test_ex_catch_test.vcxproj", "{75E5F60D-CCD0-34E2-A9FC-AD86F4077CA1}"
	ProjectSection(ProjectDependencies) = postProject
		{1E52ABB0-5F18-3E91-AD18-7FCB03B4A3BC} = {1E52ABB0-5F18-3E91-AD18-7FCB03B4A3BC}
		{6B878AAB-7E91-30EE-858C-B72CB9633840} = {6B878AAB-7E91-30EE-858C-B72CB9633840}
	EndProjectSection
EndProject
Project("{8BC9CEB8-8B4A-11D0-8D11-00A0C91BC942}") = "gtest-death-test_ex_nocatch_test", "googlemock\gtest\gtest-death-test_ex_nocatch_test.vcxproj", "{2FD30709-9750-3AF8-ADBF-B840523557A5}"
	ProjectSection(ProjectDependencies) = postProject
		{1E52ABB0-5F18-3E91-AD18-7FCB03B4A3BC} = {1E52ABB0-5F18-3E91-AD18-7FCB03B4A3BC}
		{6B878AAB-7E91-30EE-858C-B72CB9633840} = {6B878AAB-7E91-30EE-858C-B72CB9633840}
	EndProjectSection
EndProject
Project("{8BC9CEB8-8B4A-11D0-8D11-00A0C91BC942}") = "gtest-death-test_test", "googlemock\gtest\gtest-death-test_test.vcxproj", "{5931399C-16D8-30C1-B978-C46762F9A85A}"
	ProjectSection(ProjectDependencies) = postProject
		{1E52ABB0-5F18-3E91-AD18-7FCB03B4A3BC} = {1E52ABB0-5F18-3E91-AD18-7FCB03B4A3BC}
		{6B878AAB-7E91-30EE-858C-B72CB9633840} = {6B878AAB-7E91-30EE-858C-B72CB9633840}
		{2845D490-4ED1-3E9A-8C79-4F8E4EEDB68E} = {2845D490-4ED1-3E9A-8C79-4F8E4EEDB68E}
	EndProjectSection
EndProject
Project("{8BC9CEB8-8B4A-11D0-8D11-00A0C91BC942}") = "gtest-filepath_test", "googlemock\gtest\gtest-filepath_test.vcxproj", "{723F0F4F-997C-3D7C-805A-0CD4B604D5C9}"
	ProjectSection(ProjectDependencies) = postProject
		{1E52ABB0-5F18-3E91-AD18-7FCB03B4A3BC} = {1E52ABB0-5F18-3E91-AD18-7FCB03B4A3BC}
		{6B878AAB-7E91-30EE-858C-B72CB9633840} = {6B878AAB-7E91-30EE-858C-B72CB9633840}
		{2845D490-4ED1-3E9A-8C79-4F8E4EEDB68E} = {2845D490-4ED1-3E9A-8C79-4F8E4EEDB68E}
	EndProjectSection
EndProject
Project("{8BC9CEB8-8B4A-11D0-8D11-00A0C91BC942}") = "gtest-linked_ptr_test", "googlemock\gtest\gtest-linked_ptr_test.vcxproj", "{24514F54-6755-30D2-8BD4-04C03A5F9AA4}"
	ProjectSection(ProjectDependencies) = postProject
		{1E52ABB0-5F18-3E91-AD18-7FCB03B4A3BC} = {1E52ABB0-5F18-3E91-AD18-7FCB03B4A3BC}
		{6B878AAB-7E91-30EE-858C-B72CB9633840} = {6B878AAB-7E91-30EE-858C-B72CB9633840}
		{2845D490-4ED1-3E9A-8C79-4F8E4EEDB68E} = {2845D490-4ED1-3E9A-8C79-4F8E4EEDB68E}
	EndProjectSection
EndProject
Project("{8BC9CEB8-8B4A-11D0-8D11-00A0C91BC942}") = "gtest-listener_test", "googlemock\gtest\gtest-listener_test.vcxproj", "{7936A40F-9F52-3123-B2AE-DC69EA78D4C3}"
	ProjectSection(ProjectDependencies) = postProject
		{1E52ABB0-5F18-3E91-AD18-7FCB03B4A3BC} = {1E52ABB0-5F18-3E91-AD18-7FCB03B4A3BC}
		{6B878AAB-7E91-30EE-858C-B72CB9633840} = {6B878AAB-7E91-30EE-858C-B72CB9633840}
		{2845D490-4ED1-3E9A-8C79-4F8E4EEDB68E} = {2845D490-4ED1-3E9A-8C79-4F8E4EEDB68E}
	EndProjectSection
EndProject
Project("{8BC9CEB8-8B4A-11D0-8D11-00A0C91BC942}") = "gtest-message_test", "googlemock\gtest\gtest-message_test.vcxproj", "{474A93CB-0497-3266-B3BB-BF486A210DD4}"
	ProjectSection(ProjectDependencies) = postProject
		{1E52ABB0-5F18-3E91-AD18-7FCB03B4A3BC} = {1E52ABB0-5F18-3E91-AD18-7FCB03B4A3BC}
		{6B878AAB-7E91-30EE-858C-B72CB9633840} = {6B878AAB-7E91-30EE-858C-B72CB9633840}
		{2845D490-4ED1-3E9A-8C79-4F8E4EEDB68E} = {2845D490-4ED1-3E9A-8C79-4F8E4EEDB68E}
	EndProjectSection
EndProject
Project("{8BC9CEB8-8B4A-11D0-8D11-00A0C91BC942}") = "gtest-options_test", "googlemock\gtest\gtest-options_test.vcxproj", "{5EE60F28-7547-3741-B60C-9A32A6B69688}"
	ProjectSection(ProjectDependencies) = postProject
		{1E52ABB0-5F18-3E91-AD18-7FCB03B4A3BC} = {1E52ABB0-5F18-3E91-AD18-7FCB03B4A3BC}
		{6B878AAB-7E91-30EE-858C-B72CB9633840} = {6B878AAB-7E91-30EE-858C-B72CB9633840}
		{2845D490-4ED1-3E9A-8C79-4F8E4EEDB68E} = {2845D490-4ED1-3E9A-8C79-4F8E4EEDB68E}
	EndProjectSection
EndProject
Project("{8BC9CEB8-8B4A-11D0-8D11-00A0C91BC942}") = "gtest-param-test_test", "googlemock\gtest\gtest-param-test_test.vcxproj", "{4F743483-4861-3BA7-BC14-D736E9C5EADD}"
	ProjectSection(ProjectDependencies) = postProject
		{1E52ABB0-5F18-3E91-AD18-7FCB03B4A3BC} = {1E52ABB0-5F18-3E91-AD18-7FCB03B4A3BC}
		{6B878AAB-7E91-30EE-858C-B72CB9633840} = {6B878AAB-7E91-30EE-858C-B72CB9633840}
	EndProjectSection
EndProject
Project("{8BC9CEB8-8B4A-11D0-8D11-00A0C91BC942}") = "gtest-port_test", "googlemock\gtest\gtest-port_test.vcxproj", "{C6E2272A-EA73-3240-8F5F-4914A4AE4BA2}"
	ProjectSection(ProjectDependencies) = postProject
		{1E52ABB0-5F18-3E91-AD18-7FCB03B4A3BC} = {1E52ABB0-5F18-3E91-AD18-7FCB03B4A3BC}
		{6B878AAB-7E91-30EE-858C-B72CB9633840} = {6B878AAB-7E91-30EE-858C-B72CB9633840}
		{2845D490-4ED1-3E9A-8C79-4F8E4EEDB68E} = {2845D490-4ED1-3E9A-8C79-4F8E4EEDB68E}
	EndProjectSection
EndProject
Project("{8BC9CEB8-8B4A-11D0-8D11-00A0C91BC942}") = "gtest-printers_test", "googlemock\gtest\gtest-printers_test.vcxproj", "{6A4147D7-D9D9-3686-AB03-6439917AE865}"
	ProjectSection(ProjectDependencies) = postProject
		{1E52ABB0-5F18-3E91-AD18-7FCB03B4A3BC} = {1E52ABB0-5F18-3E91-AD18-7FCB03B4A3BC}
		{6B878AAB-7E91-30EE-858C-B72CB9633840} = {6B878AAB-7E91-30EE-858C-B72CB9633840}
		{2845D490-4ED1-3E9A-8C79-4F8E4EEDB68E} = {2845D490-4ED1-3E9A-8C79-4F8E4EEDB68E}
	EndProjectSection
EndProject
Project("{8BC9CEB8-8B4A-11D0-8D11-00A0C91BC942}") = "gtest-test-part_test", "googlemock\gtest\gtest-test-part_test.vcxproj", "{4ABC843D-53E5-315B-946C-715F96C311CA}"
	ProjectSection(ProjectDependencies) = postProject
		{1E52ABB0-5F18-3E91-AD18-7FCB03B4A3BC} = {1E52ABB0-5F18-3E91-AD18-7FCB03B4A3BC}
		{6B878AAB-7E91-30EE-858C-B72CB9633840} = {6B878AAB-7E91-30EE-858C-B72CB9633840}
		{2845D490-4ED1-3E9A-8C79-4F8E4EEDB68E} = {2845D490-4ED1-3E9A-8C79-4F8E4EEDB68E}
	EndProjectSection
EndProject
Project("{8BC9CEB8-8B4A-11D0-8D11-00A0C91BC942}") = "gtest-typed-test_test", "googlemock\gtest\gtest-typed-test_test.vcxproj", "{D3704EB3-1E7F-3AF3-A553-A5FFC9E097AD}"
	ProjectSection(ProjectDependencies) = postProject
		{1E52ABB0-5F18-3E91-AD18-7FCB03B4A3BC} = {1E52ABB0-5F18-3E91-AD18-7FCB03B4A3BC}
		{6B878AAB-7E91-30EE-858C-B72CB9633840} = {6B878AAB-7E91-30EE-858C-B72CB9633840}
		{2845D490-4ED1-3E9A-8C79-4F8E4EEDB68E} = {2845D490-4ED1-3E9A-8C79-4F8E4EEDB68E}
	EndProjectSection
EndProject
Project("{8BC9CEB8-8B4A-11D0-8D11-00A0C91BC942}") = "gtest-unittest-api_test", "googlemock\gtest\gtest-unittest-api_test.vcxproj", "{E5777CF9-AE63-3671-9DC9-57590016EF4D}"
	ProjectSection(ProjectDependencies) = postProject
		{1E52ABB0-5F18-3E91-AD18-7FCB03B4A3BC} = {1E52ABB0-5F18-3E91-AD18-7FCB03B4A3BC}
		{6B878AAB-7E91-30EE-858C-B72CB9633840} = {6B878AAB-7E91-30EE-858C-B72CB9633840}
	EndProjectSection
EndProject
Project("{8BC9CEB8-8B4A-11D0-8D11-00A0C91BC942}") = "gtest_break_on_failure_unittest_", "googlemock\gtest\gtest_break_on_failure_unittest_.vcxproj", "{33695D24-0FBD-31C0-8F10-8B3AB584838C}"
	ProjectSection(ProjectDependencies) = postProject
		{1E52ABB0-5F18-3E91-AD18-7FCB03B4A3BC} = {1E52ABB0-5F18-3E91-AD18-7FCB03B4A3BC}
		{6B878AAB-7E91-30EE-858C-B72CB9633840} = {6B878AAB-7E91-30EE-858C-B72CB9633840}
	EndProjectSection
EndProject
Project("{8BC9CEB8-8B4A-11D0-8D11-00A0C91BC942}") = "gtest_catch_exceptions_ex_test_", "googlemock\gtest\gtest_catch_exceptions_ex_test_.vcxproj", "{B9116A01-837E-31A2-B861-2FAEA2918E7C}"
	ProjectSection(ProjectDependencies) = postProject
		{1E52ABB0-5F18-3E91-AD18-7FCB03B4A3BC} = {1E52ABB0-5F18-3E91-AD18-7FCB03B4A3BC}
		{6B878AAB-7E91-30EE-858C-B72CB9633840} = {6B878AAB-7E91-30EE-858C-B72CB9633840}
		{2845D490-4ED1-3E9A-8C79-4F8E4EEDB68E} = {2845D490-4ED1-3E9A-8C79-4F8E4EEDB68E}
	EndProjectSection
EndProject
Project("{8BC9CEB8-8B4A-11D0-8D11-00A0C91BC942}") = "gtest_catch_exceptions_no_ex_test_", "googlemock\gtest\gtest_catch_exceptions_no_ex_test_.vcxproj", "{4CF23346-87F4-3755-84F6-1DB0B1692F98}"
	ProjectSection(ProjectDependencies) = postProject
		{1E52ABB0-5F18-3E91-AD18-7FCB03B4A3BC} = {1E52ABB0-5F18-3E91-AD18-7FCB03B4A3BC}
		{43FB73BC-FBD6-3E9B-9D43-7ADA29E09577} = {43FB73BC-FBD6-3E9B-9D43-7ADA29E09577}
	EndProjectSection
EndProject
Project("{8BC9CEB8-8B4A-11D0-8D11-00A0C91BC942}") = "gtest_color_test_", "googlemock\gtest\gtest_color_test_.vcxproj", "{2A87A064-C4A6-3D9E-B58D-11384D4E3B41}"
	ProjectSection(ProjectDependencies) = postProject
		{1E52ABB0-5F18-3E91-AD18-7FCB03B4A3BC} = {1E52ABB0-5F18-3E91-AD18-7FCB03B4A3BC}
		{6B878AAB-7E91-30EE-858C-B72CB9633840} = {6B878AAB-7E91-30EE-858C-B72CB9633840}
	EndProjectSection
EndProject
Project("{8BC9CEB8-8B4A-11D0-8D11-00A0C91BC942}") = "gtest_dll", "googlemock\gtest\gtest_dll.vcxproj", "{BD5CDC80-F38C-3F07-B829-562F50793E03}"
	ProjectSection(ProjectDependencies) = postProject
		{1E52ABB0-5F18-3E91-AD18-7FCB03B4A3BC} = {1E52ABB0-5F18-3E91-AD18-7FCB03B4A3BC}
	EndProjectSection
EndProject
Project("{8BC9CEB8-8B4A-11D0-8D11-00A0C91BC942}") = "gtest_dll_test_", "googlemock\gtest\gtest_dll_test_.vcxproj", "{DBE377A8-ED5B-3489-925A-4A7CEFD36D7C}"
	ProjectSection(ProjectDependencies) = postProject
		{1E52ABB0-5F18-3E91-AD18-7FCB03B4A3BC} = {1E52ABB0-5F18-3E91-AD18-7FCB03B4A3BC}
		{BD5CDC80-F38C-3F07-B829-562F50793E03} = {BD5CDC80-F38C-3F07-B829-562F50793E03}
	EndProjectSection
EndProject
Project("{8BC9CEB8-8B4A-11D0-8D11-00A0C91BC942}") = "gtest_env_var_test_", "googlemock\gtest\gtest_env_var_test_.vcxproj", "{9B618B3A-39AD-3E69-8BE3-A74373C03361}"
	ProjectSection(ProjectDependencies) = postProject
		{1E52ABB0-5F18-3E91-AD18-7FCB03B4A3BC} = {1E52ABB0-5F18-3E91-AD18-7FCB03B4A3BC}
		{6B878AAB-7E91-30EE-858C-B72CB9633840} = {6B878AAB-7E91-30EE-858C-B72CB9633840}
	EndProjectSection
EndProject
Project("{8BC9CEB8-8B4A-11D0-8D11-00A0C91BC942}") = "gtest_environment_test", "googlemock\gtest\gtest_environment_test.vcxproj", "{4D97AB37-5AC5-3D82-B9A1-1E7D12B1CAEF}"
	ProjectSection(ProjectDependencies) = postProject
		{1E52ABB0-5F18-3E91-AD18-7FCB03B4A3BC} = {1E52ABB0-5F18-3E91-AD18-7FCB03B4A3BC}
		{6B878AAB-7E91-30EE-858C-B72CB9633840} = {6B878AAB-7E91-30EE-858C-B72CB9633840}
	EndProjectSection
EndProject
Project("{8BC9CEB8-8B4A-11D0-8D11-00A0C91BC942}") = "gtest_filter_unittest_", "googlemock\gtest\gtest_filter_unittest_.vcxproj", "{C3C82641-0300-3CA8-B1EE-C36C2FA44DE1}"
	ProjectSection(ProjectDependencies) = postProject
		{1E52ABB0-5F18-3E91-AD18-7FCB03B4A3BC} = {1E52ABB0-5F18-3E91-AD18-7FCB03B4A3BC}
		{6B878AAB-7E91-30EE-858C-B72CB9633840} = {6B878AAB-7E91-30EE-858C-B72CB9633840}
	EndProjectSection
EndProject
Project("{8BC9CEB8-8B4A-11D0-8D11-00A0C91BC942}") = "gtest_help_test_", "googlemock\gtest\gtest_help_test_.vcxproj", "{7F7676AB-3158-3B41-93AB-2DA87C3CC8FA}"
	ProjectSection(ProjectDependencies) = postProject
		{1E52ABB0-5F18-3E91-AD18-7FCB03B4A3BC} = {1E52ABB0-5F18-3E91-AD18-7FCB03B4A3BC}
		{6B878AAB-7E91-30EE-858C-B72CB9633840} = {6B878AAB-7E91-30EE-858C-B72CB9633840}
		{2845D490-4ED1-3E9A-8C79-4F8E4EEDB68E} = {2845D490-4ED1-3E9A-8C79-4F8E4EEDB68E}
	EndProjectSection
EndProject
Project("{8BC9CEB8-8B4A-11D0-8D11-00A0C91BC942}") = "gtest_list_tests_unittest_", "googlemock\gtest\gtest_list_tests_unittest_.vcxproj", "{3FCB05CA-1556-3BE0-A4E9-B4036F90557D}"
	ProjectSection(ProjectDependencies) = postProject
		{1E52ABB0-5F18-3E91-AD18-7FCB03B4A3BC} = {1E52ABB0-5F18-3E91-AD18-7FCB03B4A3BC}
		{6B878AAB-7E91-30EE-858C-B72CB9633840} = {6B878AAB-7E91-30EE-858C-B72CB9633840}
	EndProjectSection
EndProject
Project("{8BC9CEB8-8B4A-11D0-8D11-00A0C91BC942}") = "gtest_main", "googlemock\gtest\gtest_main.vcxproj", "{2845D490-4ED1-3E9A-8C79-4F8E4EEDB68E}"
	ProjectSection(ProjectDependencies) = postProject
		{1E52ABB0-5F18-3E91-AD18-7FCB03B4A3BC} = {1E52ABB0-5F18-3E91-AD18-7FCB03B4A3BC}
		{6B878AAB-7E91-30EE-858C-B72CB9633840} = {6B878AAB-7E91-30EE-858C-B72CB9633840}
	EndProjectSection
EndProject
Project("{8BC9CEB8-8B4A-11D0-8D11-00A0C91BC942}") = "gtest_main_no_exception", "googlemock\gtest\gtest_main_no_exception.vcxproj", "{43FB73BC-FBD6-3E9B-9D43-7ADA29E09577}"
	ProjectSection(ProjectDependencies) = postProject
		{1E52ABB0-5F18-3E91-AD18-7FCB03B4A3BC} = {1E52ABB0-5F18-3E91-AD18-7FCB03B4A3BC}
	EndProjectSection
EndProject
Project("{8BC9CEB8-8B4A-11D0-8D11-00A0C91BC942}") = "gtest_main_no_rtti", "googlemock\gtest\gtest_main_no_rtti.vcxproj", "{0E655858-F9FA-38C2-B8D8-AB212B694417}"
	ProjectSection(ProjectDependencies) = postProject
		{1E52ABB0-5F18-3E91-AD18-7FCB03B4A3BC} = {1E52ABB0-5F18-3E91-AD18-7FCB03B4A3BC}
	EndProjectSection
EndProject
Project("{8BC9CEB8-8B4A-11D0-8D11-00A0C91BC942}") = "gtest_main_unittest", "googlemock\gtest\gtest_main_unittest.vcxproj", "{3CC5BDE6-32A8-3990-91D9-33E086A29388}"
	ProjectSection(ProjectDependencies) = postProject
		{1E52ABB0-5F18-3E91-AD18-7FCB03B4A3BC} = {1E52ABB0-5F18-3E91-AD18-7FCB03B4A3BC}
		{6B878AAB-7E91-30EE-858C-B72CB9633840} = {6B878AAB-7E91-30EE-858C-B72CB9633840}
		{2845D490-4ED1-3E9A-8C79-4F8E4EEDB68E} = {2845D490-4ED1-3E9A-8C79-4F8E4EEDB68E}
	EndProjectSection
EndProject
Project("{8BC9CEB8-8B4A-11D0-8D11-00A0C91BC942}") = "gtest_no_exception", "googlemock\gtest\gtest_no_exception.vcxproj", "{15B5AABB-CF38-38B4-911C-140151DF37B9}"
	ProjectSection(ProjectDependencies) = postProject
		{1E52ABB0-5F18-3E91-AD18-7FCB03B4A3BC} = {1E52ABB0-5F18-3E91-AD18-7FCB03B4A3BC}
	EndProjectSection
EndProject
Project("{8BC9CEB8-8B4A-11D0-8D11-00A0C91BC942}") = "gtest_no_rtti_unittest", "googlemock\gtest\gtest_no_rtti_unittest.vcxproj", "{D363ECB5-C72E-3C0C-81E2-61EFFB08ABB6}"
	ProjectSection(ProjectDependencies) = postProject
		{1E52ABB0-5F18-3E91-AD18-7FCB03B4A3BC} = {1E52ABB0-5F18-3E91-AD18-7FCB03B4A3BC}
		{0E655858-F9FA-38C2-B8D8-AB212B694417} = {0E655858-F9FA-38C2-B8D8-AB212B694417}
	EndProjectSection
EndProject
Project("{8BC9CEB8-8B4A-11D0-8D11-00A0C91BC942}") = "gtest_no_test_unittest", "googlemock\gtest\gtest_no_test_unittest.vcxproj", "{755E8584-1A91-3A0F-8301-BD43B2944417}"
	ProjectSection(ProjectDependencies) = postProject
		{1E52ABB0-5F18-3E91-AD18-7FCB03B4A3BC} = {1E52ABB0-5F18-3E91-AD18-7FCB03B4A3BC}
		{6B878AAB-7E91-30EE-858C-B72CB9633840} = {6B878AAB-7E91-30EE-858C-B72CB9633840}
	EndProjectSection
EndProject
Project("{8BC9CEB8-8B4A-11D0-8D11-00A0C91BC942}") = "gtest_output_test_", "googlemock\gtest\gtest_output_test_.vcxproj", "{CE42603E-5089-3B3B-898D-CB9693FF8D63}"
	ProjectSection(ProjectDependencies) = postProject
		{1E52ABB0-5F18-3E91-AD18-7FCB03B4A3BC} = {1E52ABB0-5F18-3E91-AD18-7FCB03B4A3BC}
		{6B878AAB-7E91-30EE-858C-B72CB9633840} = {6B878AAB-7E91-30EE-858C-B72CB9633840}
	EndProjectSection
EndProject
Project("{8BC9CEB8-8B4A-11D0-8D11-00A0C91BC942}") = "gtest_pred_impl_unittest", "googlemock\gtest\gtest_pred_impl_unittest.vcxproj", "{8700A1DB-AB53-3966-A618-AA20EE7C0B07}"
	ProjectSection(ProjectDependencies) = postProject
		{1E52ABB0-5F18-3E91-AD18-7FCB03B4A3BC} = {1E52ABB0-5F18-3E91-AD18-7FCB03B4A3BC}
		{6B878AAB-7E91-30EE-858C-B72CB9633840} = {6B878AAB-7E91-30EE-858C-B72CB9633840}
		{2845D490-4ED1-3E9A-8C79-4F8E4EEDB68E} = {2845D490-4ED1-3E9A-8C79-4F8E4EEDB68E}
	EndProjectSection
EndProject
Project("{8BC9CEB8-8B4A-11D0-8D11-00A0C91BC942}") = "gtest_premature_exit_test", "googlemock\gtest\gtest_premature_exit_test.vcxproj", "{86A62E22-2B99-39E1-A4E8-B5B2C6B6301C}"
	ProjectSection(ProjectDependencies) = postProject
		{1E52ABB0-5F18-3E91-AD18-7FCB03B4A3BC} = {1E52ABB0-5F18-3E91-AD18-7FCB03B4A3BC}
		{6B878AAB-7E91-30EE-858C-B72CB9633840} = {6B878AAB-7E91-30EE-858C-B72CB9633840}
	EndProjectSection
EndProject
Project("{8BC9CEB8-8B4A-11D0-8D11-00A0C91BC942}") = "gtest_prod_test", "googlemock\gtest\gtest_prod_test.vcxproj", "{78E7D895-F540-385F-A028-7A17BEE89744}"
	ProjectSection(ProjectDependencies) = postProject
		{1E52ABB0-5F18-3E91-AD18-7FCB03B4A3BC} = {1E52ABB0-5F18-3E91-AD18-7FCB03B4A3BC}
		{6B878AAB-7E91-30EE-858C-B72CB9633840} = {6B878AAB-7E91-30EE-858C-B72CB9633840}
		{2845D490-4ED1-3E9A-8C79-4F8E4EEDB68E} = {2845D490-4ED1-3E9A-8C79-4F8E4EEDB68E}
	EndProjectSection
EndProject
Project("{8BC9CEB8-8B4A-11D0-8D11-00A0C91BC942}") = "gtest_repeat_test", "googlemock\gtest\gtest_repeat_test.vcxproj", "{05686DA0-2606-366F-831C-4EC2565ACBE2}"
	ProjectSection(ProjectDependencies) = postProject
		{1E52ABB0-5F18-3E91-AD18-7FCB03B4A3BC} = {1E52ABB0-5F18-3E91-AD18-7FCB03B4A3BC}
		{6B878AAB-7E91-30EE-858C-B72CB9633840} = {6B878AAB-7E91-30EE-858C-B72CB9633840}
	EndProjectSection
EndProject
Project("{8BC9CEB8-8B4A-11D0-8D11-00A0C91BC942}") = "gtest_shuffle_test_", "googlemock\gtest\gtest_shuffle_test_.vcxproj", "{6838CE91-70CE-3172-A930-D19B4C766F07}"
	ProjectSection(ProjectDependencies) = postProject
		{1E52ABB0-5F18-3E91-AD18-7FCB03B4A3BC} = {1E52ABB0-5F18-3E91-AD18-7FCB03B4A3BC}
		{6B878AAB-7E91-30EE-858C-B72CB9633840} = {6B878AAB-7E91-30EE-858C-B72CB9633840}
	EndProjectSection
EndProject
Project("{8BC9CEB8-8B4A-11D0-8D11-00A0C91BC942}") = "gtest_sole_header_test", "googlemock\gtest\gtest_sole_header_test.vcxproj", "{31301D98-3AA8-3D6E-A62D-6D626E184BBC}"
	ProjectSection(ProjectDependencies) = postProject
		{1E52ABB0-5F18-3E91-AD18-7FCB03B4A3BC} = {1E52ABB0-5F18-3E91-AD18-7FCB03B4A3BC}
		{6B878AAB-7E91-30EE-858C-B72CB9633840} = {6B878AAB-7E91-30EE-858C-B72CB9633840}
		{2845D490-4ED1-3E9A-8C79-4F8E4EEDB68E} = {2845D490-4ED1-3E9A-8C79-4F8E4EEDB68E}
	EndProjectSection
EndProject
Project("{8BC9CEB8-8B4A-11D0-8D11-00A0C91BC942}") = "gtest_stress_test", "googlemock\gtest\gtest_stress_test.vcxproj", "{7A36AABD-8E3B-3B40-8DD6-A92931D02E3C}"
	ProjectSection(ProjectDependencies) = postProject
		{1E52ABB0-5F18-3E91-AD18-7FCB03B4A3BC} = {1E52ABB0-5F18-3E91-AD18-7FCB03B4A3BC}
		{6B878AAB-7E91-30EE-858C-B72CB9633840} = {6B878AAB-7E91-30EE-858C-B72CB9633840}
	EndProjectSection
EndProject
Project("{8BC9CEB8-8B4A-11D0-8D11-00A0C91BC942}") = "gtest_throw_on_failure_ex_test", "googlemock\gtest\gtest_throw_on_failure_ex_test.vcxproj", "{0535D4B8-E410-395D-8C84-F5193562023A}"
	ProjectSection(ProjectDependencies) = postProject
		{1E52ABB0-5F18-3E91-AD18-7FCB03B4A3BC} = {1E52ABB0-5F18-3E91-AD18-7FCB03B4A3BC}
		{6B878AAB-7E91-30EE-858C-B72CB9633840} = {6B878AAB-7E91-30EE-858C-B72CB9633840}
	EndProjectSection
EndProject
Project("{8BC9CEB8-8B4A-11D0-8D11-00A0C91BC942}") = "gtest_throw_on_failure_test_", "googlemock\gtest\gtest_throw_on_failure_test_.vcxproj", "{377CBBFF-A6CA-38BB-8BD6-185F140FA007}"
	ProjectSection(ProjectDependencies) = postProject
		{1E52ABB0-5F18-3E91-AD18-7FCB03B4A3BC} = {1E52ABB0-5F18-3E91-AD18-7FCB03B4A3BC}
		{15B5AABB-CF38-38B4-911C-140151DF37B9} = {15B5AABB-CF38-38B4-911C-140151DF37B9}
	EndProjectSection
EndProject
Project("{8BC9CEB8-8B4A-11D0-8D11-00A0C91BC942}") = "gtest_uninitialized_test_", "googlemock\gtest\gtest_uninitialized_test_.vcxproj", "{19B3A09E-7B31-3B01-B017-5E293BDE78EC}"
	ProjectSection(ProjectDependencies) = postProject
		{1E52ABB0-5F18-3E91-AD18-7FCB03B4A3BC} = {1E52ABB0-5F18-3E91-AD18-7FCB03B4A3BC}
		{6B878AAB-7E91-30EE-858C-B72CB9633840} = {6B878AAB-7E91-30EE-858C-B72CB9633840}
	EndProjectSection
EndProject
Project("{8BC9CEB8-8B4A-11D0-8D11-00A0C91BC942}") = "gtest_unittest", "googlemock\gtest\gtest_unittest.vcxproj", "{5011BFBD-DB10-3D76-9BB4-C9E9E88EF52B}"
	ProjectSection(ProjectDependencies) = postProject
		{1E52ABB0-5F18-3E91-AD18-7FCB03B4A3BC} = {1E52ABB0-5F18-3E91-AD18-7FCB03B4A3BC}
		{6B878AAB-7E91-30EE-858C-B72CB9633840} = {6B878AAB-7E91-30EE-858C-B72CB9633840}
		{2845D490-4ED1-3E9A-8C79-4F8E4EEDB68E} = {2845D490-4ED1-3E9A-8C79-4F8E4EEDB68E}
	EndProjectSection
EndProject
Project("{8BC9CEB8-8B4A-11D0-8D11-00A0C91BC942}") = "gtest_xml_outfile1_test_", "googlemock\gtest\gtest_xml_outfile1_test_.vcxproj", "{B54AA56A-5A93-387C-A585-57A3B982C982}"
	ProjectSection(ProjectDependencies) = postProject
		{1E52ABB0-5F18-3E91-AD18-7FCB03B4A3BC} = {1E52ABB0-5F18-3E91-AD18-7FCB03B4A3BC}
		{6B878AAB-7E91-30EE-858C-B72CB9633840} = {6B878AAB-7E91-30EE-858C-B72CB9633840}
		{2845D490-4ED1-3E9A-8C79-4F8E4EEDB68E} = {2845D490-4ED1-3E9A-8C79-4F8E4EEDB68E}
	EndProjectSection
EndProject
Project("{8BC9CEB8-8B4A-11D0-8D11-00A0C91BC942}") = "gtest_xml_outfile2_test_", "googlemock\gtest\gtest_xml_outfile2_test_.vcxproj", "{5915849D-4CB5-31DF-B157-B8791E83F0E4}"
	ProjectSection(ProjectDependencies) = postProject
		{1E52ABB0-5F18-3E91-AD18-7FCB03B4A3BC} = {1E52ABB0-5F18-3E91-AD18-7FCB03B4A3BC}
		{6B878AAB-7E91-30EE-858C-B72CB9633840} = {6B878AAB-7E91-30EE-858C-B72CB9633840}
		{2845D490-4ED1-3E9A-8C79-4F8E4EEDB68E} = {2845D490-4ED1-3E9A-8C79-4F8E4EEDB68E}
	EndProjectSection
EndProject
Project("{8BC9CEB8-8B4A-11D0-8D11-00A0C91BC942}") = "gtest_xml_output_unittest_", "googlemock\gtest\gtest_xml_output_unittest_.vcxproj", "{0CC2F14D-9614-3202-A1DE-177767205BEB}"
	ProjectSection(ProjectDependencies) = postProject
		{1E52ABB0-5F18-3E91-AD18-7FCB03B4A3BC} = {1E52ABB0-5F18-3E91-AD18-7FCB03B4A3BC}
		{6B878AAB-7E91-30EE-858C-B72CB9633840} = {6B878AAB-7E91-30EE-858C-B72CB9633840}
	EndProjectSection
EndProject
Project("{8BC9CEB8-8B4A-11D0-8D11-00A0C91BC942}") = "sample10_unittest", "googlemock\gtest\sample10_unittest.vcxproj", "{FC195645-113C-3D08-A918-5D2DAB517E93}"
	ProjectSection(ProjectDependencies) = postProject
		{1E52ABB0-5F18-3E91-AD18-7FCB03B4A3BC} = {1E52ABB0-5F18-3E91-AD18-7FCB03B4A3BC}
		{6B878AAB-7E91-30EE-858C-B72CB9633840} = {6B878AAB-7E91-30EE-858C-B72CB9633840}
	EndProjectSection
EndProject
Project("{8BC9CEB8-8B4A-11D0-8D11-00A0C91BC942}") = "sample1_unittest", "googlemock\gtest\sample1_unittest.vcxproj", "{5314D004-3E40-34F2-97A2-25AD2340C751}"
	ProjectSection(ProjectDependencies) = postProject
		{1E52ABB0-5F18-3E91-AD18-7FCB03B4A3BC} = {1E52ABB0-5F18-3E91-AD18-7FCB03B4A3BC}
		{6B878AAB-7E91-30EE-858C-B72CB9633840} = {6B878AAB-7E91-30EE-858C-B72CB9633840}
		{2845D490-4ED1-3E9A-8C79-4F8E4EEDB68E} = {2845D490-4ED1-3E9A-8C79-4F8E4EEDB68E}
	EndProjectSection
EndProject
Project("{8BC9CEB8-8B4A-11D0-8D11-00A0C91BC942}") = "sample2_unittest", "googlemock\gtest\sample2_unittest.vcxproj", "{A55C3922-1B8E-3D8C-82A4-0FC187FE1A82}"
	ProjectSection(ProjectDependencies) = postProject
		{1E52ABB0-5F18-3E91-AD18-7FCB03B4A3BC} = {1E52ABB0-5F18-3E91-AD18-7FCB03B4A3BC}
		{6B878AAB-7E91-30EE-858C-B72CB9633840} = {6B878AAB-7E91-30EE-858C-B72CB9633840}
		{2845D490-4ED1-3E9A-8C79-4F8E4EEDB68E} = {2845D490-4ED1-3E9A-8C79-4F8E4EEDB68E}
	EndProjectSection
EndProject
Project("{8BC9CEB8-8B4A-11D0-8D11-00A0C91BC942}") = "sample3_unittest", "googlemock\gtest\sample3_unittest.vcxproj", "{F2213665-3611-3BCF-BA5B-E949D45EC973}"
	ProjectSection(ProjectDependencies) = postProject
		{1E52ABB0-5F18-3E91-AD18-7FCB03B4A3BC} = {1E52ABB0-5F18-3E91-AD18-7FCB03B4A3BC}
		{6B878AAB-7E91-30EE-858C-B72CB9633840} = {6B878AAB-7E91-30EE-858C-B72CB9633840}
		{2845D490-4ED1-3E9A-8C79-4F8E4EEDB68E} = {2845D490-4ED1-3E9A-8C79-4F8E4EEDB68E}
	EndProjectSection
EndProject
Project("{8BC9CEB8-8B4A-11D0-8D11-00A0C91BC942}") = "sample4_unittest", "googlemock\gtest\sample4_unittest.vcxproj", "{8ECED228-5EB7-3EAE-9009-50B42F5B1CD0}"
	ProjectSection(ProjectDependencies) = postProject
		{1E52ABB0-5F18-3E91-AD18-7FCB03B4A3BC} = {1E52ABB0-5F18-3E91-AD18-7FCB03B4A3BC}
		{6B878AAB-7E91-30EE-858C-B72CB9633840} = {6B878AAB-7E91-30EE-858C-B72CB9633840}
		{2845D490-4ED1-3E9A-8C79-4F8E4EEDB68E} = {2845D490-4ED1-3E9A-8C79-4F8E4EEDB68E}
	EndProjectSection
EndProject
Project("{8BC9CEB8-8B4A-11D0-8D11-00A0C91BC942}") = "sample5_unittest", "googlemock\gtest\sample5_unittest.vcxproj", "{2C83C679-92DE-3723-B6FF-7F530C10C3DD}"
	ProjectSection(ProjectDependencies) = postProject
		{1E52ABB0-5F18-3E91-AD18-7FCB03B4A3BC} = {1E52ABB0-5F18-3E91-AD18-7FCB03B4A3BC}
		{6B878AAB-7E91-30EE-858C-B72CB9633840} = {6B878AAB-7E91-30EE-858C-B72CB9633840}
		{2845D490-4ED1-3E9A-8C79-4F8E4EEDB68E} = {2845D490-4ED1-3E9A-8C79-4F8E4EEDB68E}
	EndProjectSection
EndProject
Project("{8BC9CEB8-8B4A-11D0-8D11-00A0C91BC942}") = "sample6_unittest", "googlemock\gtest\sample6_unittest.vcxproj", "{F2199F2D-33CA-36DA-BE64-B7BF2CFE732C}"
	ProjectSection(ProjectDependencies) = postProject
		{1E52ABB0-5F18-3E91-AD18-7FCB03B4A3BC} = {1E52ABB0-5F18-3E91-AD18-7FCB03B4A3BC}
		{6B878AAB-7E91-30EE-858C-B72CB9633840} = {6B878AAB-7E91-30EE-858C-B72CB9633840}
		{2845D490-4ED1-3E9A-8C79-4F8E4EEDB68E} = {2845D490-4ED1-3E9A-8C79-4F8E4EEDB68E}
	EndProjectSection
EndProject
Project("{8BC9CEB8-8B4A-11D0-8D11-00A0C91BC942}") = "sample7_unittest", "googlemock\gtest\sample7_unittest.vcxproj", "{6EF3AF94-0C07-3E45-999E-3B9D6FC906BA}"
	ProjectSection(ProjectDependencies) = postProject
		{1E52ABB0-5F18-3E91-AD18-7FCB03B4A3BC} = {1E52ABB0-5F18-3E91-AD18-7FCB03B4A3BC}
		{6B878AAB-7E91-30EE-858C-B72CB9633840} = {6B878AAB-7E91-30EE-858C-B72CB9633840}
		{2845D490-4ED1-3E9A-8C79-4F8E4EEDB68E} = {2845D490-4ED1-3E9A-8C79-4F8E4EEDB68E}
	EndProjectSection
EndProject
Project("{8BC9CEB8-8B4A-11D0-8D11-00A0C91BC942}") = "sample8_unittest", "googlemock\gtest\sample8_unittest.vcxproj", "{F14CC2EC-7CE6-35F0-BECE-3F00345560A8}"
	ProjectSection(ProjectDependencies) = postProject
		{1E52ABB0-5F18-3E91-AD18-7FCB03B4A3BC} = {1E52ABB0-5F18-3E91-AD18-7FCB03B4A3BC}
		{6B878AAB-7E91-30EE-858C-B72CB9633840} = {6B878AAB-7E91-30EE-858C-B72CB9633840}
		{2845D490-4ED1-3E9A-8C79-4F8E4EEDB68E} = {2845D490-4ED1-3E9A-8C79-4F8E4EEDB68E}
	EndProjectSection
EndProject
Project("{8BC9CEB8-8B4A-11D0-8D11-00A0C91BC942}") = "sample9_unittest", "googlemock\gtest\sample9_unittest.vcxproj", "{12486FF8-70E8-3779-B617-8A70B9D4F0D3}"
	ProjectSection(ProjectDependencies) = postProject
		{1E52ABB0-5F18-3E91-AD18-7FCB03B4A3BC} = {1E52ABB0-5F18-3E91-AD18-7FCB03B4A3BC}
		{6B878AAB-7E91-30EE-858C-B72CB9633840} = {6B878AAB-7E91-30EE-858C-B72CB9633840}
	EndProjectSection
EndProject
Project("{8BC9CEB8-8B4A-11D0-8D11-00A0C91BC942}") = "shared_gmock_main", "googlemock\shared_gmock_main.vcxproj", "{D1C54C8B-61BA-31A9-B183-DE5F981577ED}"
	ProjectSection(ProjectDependencies) = postProject
		{1E52ABB0-5F18-3E91-AD18-7FCB03B4A3BC} = {1E52ABB0-5F18-3E91-AD18-7FCB03B4A3BC}
	EndProjectSection
EndProject
Project("{8BC9CEB8-8B4A-11D0-8D11-00A0C91BC942}") = "shared_gmock_test_", "googlemock\shared_gmock_test_.vcxproj", "{DE44784A-548D-335B-B258-5AF93CFED29C}"
	ProjectSection(ProjectDependencies) = postProject
		{1E52ABB0-5F18-3E91-AD18-7FCB03B4A3BC} = {1E52ABB0-5F18-3E91-AD18-7FCB03B4A3BC}
		{D1C54C8B-61BA-31A9-B183-DE5F981577ED} = {D1C54C8B-61BA-31A9-B183-DE5F981577ED}
	EndProjectSection
EndProject
Global
	GlobalSection(SolutionConfigurationPlatforms) = preSolution
		Debug|x64 = Debug|x64
		Release|x64 = Release|x64
	EndGlobalSection
	GlobalSection(ProjectConfigurationPlatforms) = postSolution
		{35D78AFF-865C-3444-99E1-D3BADD4B87C8}.Debug|x64.ActiveCfg = Debug|x64
		{35D78AFF-865C-3444-99E1-D3BADD4B87C8}.Debug|x64.Build.0 = Debug|x64
		{35D78AFF-865C-3444-99E1-D3BADD4B87C8}.Release|x64.ActiveCfg = Release|x64
		{35D78AFF-865C-3444-99E1-D3BADD4B87C8}.Release|x64.Build.0 = Release|x64
		{98F7E6A3-2BFC-3E54-9AC4-54DEE0AE48B5}.Debug|x64.ActiveCfg = Debug|x64
		{98F7E6A3-2BFC-3E54-9AC4-54DEE0AE48B5}.Release|x64.ActiveCfg = Release|x64
		{AEF4CB0F-58F9-3191-8C2B-B7350D7D9509}.Debug|x64.ActiveCfg = Debug|x64
		{AEF4CB0F-58F9-3191-8C2B-B7350D7D9509}.Release|x64.ActiveCfg = Release|x64
		{1E52ABB0-5F18-3E91-AD18-7FCB03B4A3BC}.Debug|x64.ActiveCfg = Debug|x64
		{1E52ABB0-5F18-3E91-AD18-7FCB03B4A3BC}.Debug|x64.Build.0 = Debug|x64
		{1E52ABB0-5F18-3E91-AD18-7FCB03B4A3BC}.Release|x64.ActiveCfg = Release|x64
		{1E52ABB0-5F18-3E91-AD18-7FCB03B4A3BC}.Release|x64.Build.0 = Release|x64
		{CE0427FE-A860-3EB9-BE13-4D6A38C5304F}.Debug|x64.ActiveCfg = Debug|x64
		{CE0427FE-A860-3EB9-BE13-4D6A38C5304F}.Debug|x64.Build.0 = Debug|x64
		{CE0427FE-A860-3EB9-BE13-4D6A38C5304F}.Release|x64.ActiveCfg = Release|x64
		{CE0427FE-A860-3EB9-BE13-4D6A38C5304F}.Release|x64.Build.0 = Release|x64
		{2F75A175-687C-329A-B1AB-22092037FBE8}.Debug|x64.ActiveCfg = Debug|x64
		{2F75A175-687C-329A-B1AB-22092037FBE8}.Debug|x64.Build.0 = Debug|x64
		{2F75A175-687C-329A-B1AB-22092037FBE8}.Release|x64.ActiveCfg = Release|x64
		{2F75A175-687C-329A-B1AB-22092037FBE8}.Release|x64.Build.0 = Release|x64
		{D99000EA-D8FF-3BAB-AF5C-ECE1236041F8}.Debug|x64.ActiveCfg = Debug|x64
		{D99000EA-D8FF-3BAB-AF5C-ECE1236041F8}.Debug|x64.Build.0 = Debug|x64
		{D99000EA-D8FF-3BAB-AF5C-ECE1236041F8}.Release|x64.ActiveCfg = Release|x64
		{D99000EA-D8FF-3BAB-AF5C-ECE1236041F8}.Release|x64.Build.0 = Release|x64
		{110FEB4C-F4CE-34C4-878C-768728233319}.Debug|x64.ActiveCfg = Debug|x64
		{110FEB4C-F4CE-34C4-878C-768728233319}.Debug|x64.Build.0 = Debug|x64
		{110FEB4C-F4CE-34C4-878C-768728233319}.Release|x64.ActiveCfg = Release|x64
		{110FEB4C-F4CE-34C4-878C-768728233319}.Release|x64.Build.0 = Release|x64
		{F5BF16C2-D2A1-30E0-B032-5F9A7240C4F0}.Debug|x64.ActiveCfg = Debug|x64
		{F5BF16C2-D2A1-30E0-B032-5F9A7240C4F0}.Debug|x64.Build.0 = Debug|x64
		{F5BF16C2-D2A1-30E0-B032-5F9A7240C4F0}.Release|x64.ActiveCfg = Release|x64
		{F5BF16C2-D2A1-30E0-B032-5F9A7240C4F0}.Release|x64.Build.0 = Release|x64
		{F723860D-C9CF-3A88-8ACE-5839C89B9A9B}.Debug|x64.ActiveCfg = Debug|x64
		{F723860D-C9CF-3A88-8ACE-5839C89B9A9B}.Debug|x64.Build.0 = Debug|x64
		{F723860D-C9CF-3A88-8ACE-5839C89B9A9B}.Release|x64.ActiveCfg = Release|x64
		{F723860D-C9CF-3A88-8ACE-5839C89B9A9B}.Release|x64.Build.0 = Release|x64
		{9CA8F0B2-D968-3573-9257-C35BCDDD29A7}.Debug|x64.ActiveCfg = Debug|x64
		{9CA8F0B2-D968-3573-9257-C35BCDDD29A7}.Debug|x64.Build.0 = Debug|x64
		{9CA8F0B2-D968-3573-9257-C35BCDDD29A7}.Release|x64.ActiveCfg = Release|x64
		{9CA8F0B2-D968-3573-9257-C35BCDDD29A7}.Release|x64.Build.0 = Release|x64
		{6FC46283-7749-39B3-8673-EEE1100094C6}.Debug|x64.ActiveCfg = Debug|x64
		{6FC46283-7749-39B3-8673-EEE1100094C6}.Debug|x64.Build.0 = Debug|x64
		{6FC46283-7749-39B3-8673-EEE1100094C6}.Release|x64.ActiveCfg = Release|x64
		{6FC46283-7749-39B3-8673-EEE1100094C6}.Release|x64.Build.0 = Release|x64
		{1BC2922A-5580-309A-B39E-6540709DE1F4}.Debug|x64.ActiveCfg = Debug|x64
		{1BC2922A-5580-309A-B39E-6540709DE1F4}.Debug|x64.Build.0 = Debug|x64
		{1BC2922A-5580-309A-B39E-6540709DE1F4}.Release|x64.ActiveCfg = Release|x64
		{1BC2922A-5580-309A-B39E-6540709DE1F4}.Release|x64.Build.0 = Release|x64
		{96F143D2-F197-3D0A-863F-A33ECF62043A}.Debug|x64.ActiveCfg = Debug|x64
		{96F143D2-F197-3D0A-863F-A33ECF62043A}.Debug|x64.Build.0 = Debug|x64
		{96F143D2-F197-3D0A-863F-A33ECF62043A}.Release|x64.ActiveCfg = Release|x64
		{96F143D2-F197-3D0A-863F-A33ECF62043A}.Release|x64.Build.0 = Release|x64
		{E6C134AA-653E-3D5E-AC4E-7A6F616CB715}.Debug|x64.ActiveCfg = Debug|x64
		{E6C134AA-653E-3D5E-AC4E-7A6F616CB715}.Debug|x64.Build.0 = Debug|x64
		{E6C134AA-653E-3D5E-AC4E-7A6F616CB715}.Release|x64.ActiveCfg = Release|x64
		{E6C134AA-653E-3D5E-AC4E-7A6F616CB715}.Release|x64.Build.0 = Release|x64
		{E8196D21-5C31-355B-996C-9A21BCFFBEF7}.Debug|x64.ActiveCfg = Debug|x64
		{E8196D21-5C31-355B-996C-9A21BCFFBEF7}.Debug|x64.Build.0 = Debug|x64
		{E8196D21-5C31-355B-996C-9A21BCFFBEF7}.Release|x64.ActiveCfg = Release|x64
		{E8196D21-5C31-355B-996C-9A21BCFFBEF7}.Release|x64.Build.0 = Release|x64
		{878FAA72-5290-3A63-B43B-5F86FD9E78AB}.Debug|x64.ActiveCfg = Debug|x64
		{878FAA72-5290-3A63-B43B-5F86FD9E78AB}.Debug|x64.Build.0 = Debug|x64
		{878FAA72-5290-3A63-B43B-5F86FD9E78AB}.Release|x64.ActiveCfg = Release|x64
		{878FAA72-5290-3A63-B43B-5F86FD9E78AB}.Release|x64.Build.0 = Release|x64
		{1D561F2A-1355-3C82-979F-02154E1A0909}.Debug|x64.ActiveCfg = Debug|x64
		{1D561F2A-1355-3C82-979F-02154E1A0909}.Debug|x64.Build.0 = Debug|x64
		{1D561F2A-1355-3C82-979F-02154E1A0909}.Release|x64.ActiveCfg = Release|x64
		{1D561F2A-1355-3C82-979F-02154E1A0909}.Release|x64.Build.0 = Release|x64
		{4ADF6E87-FDD9-3871-893E-1F5B98B424BF}.Debug|x64.ActiveCfg = Debug|x64
		{4ADF6E87-FDD9-3871-893E-1F5B98B424BF}.Debug|x64.Build.0 = Debug|x64
		{4ADF6E87-FDD9-3871-893E-1F5B98B424BF}.Release|x64.ActiveCfg = Release|x64
		{4ADF6E87-FDD9-3871-893E-1F5B98B424BF}.Release|x64.Build.0 = Release|x64
		{4773552D-72A1-34F6-8121-9ABDDC8CC5D3}.Debug|x64.ActiveCfg = Debug|x64
		{4773552D-72A1-34F6-8121-9ABDDC8CC5D3}.Debug|x64.Build.0 = Debug|x64
		{4773552D-72A1-34F6-8121-9ABDDC8CC5D3}.Release|x64.ActiveCfg = Release|x64
		{4773552D-72A1-34F6-8121-9ABDDC8CC5D3}.Release|x64.Build.0 = Release|x64
		{EC6038F0-8D4A-3529-98DA-96BBAACEFEB1}.Debug|x64.ActiveCfg = Debug|x64
		{EC6038F0-8D4A-3529-98DA-96BBAACEFEB1}.Debug|x64.Build.0 = Debug|x64
		{EC6038F0-8D4A-3529-98DA-96BBAACEFEB1}.Release|x64.ActiveCfg = Release|x64
		{EC6038F0-8D4A-3529-98DA-96BBAACEFEB1}.Release|x64.Build.0 = Release|x64
		{B333270F-8072-3E14-ABFC-3B2C62042C40}.Debug|x64.ActiveCfg = Debug|x64
		{B333270F-8072-3E14-ABFC-3B2C62042C40}.Debug|x64.Build.0 = Debug|x64
		{B333270F-8072-3E14-ABFC-3B2C62042C40}.Release|x64.ActiveCfg = Release|x64
		{B333270F-8072-3E14-ABFC-3B2C62042C40}.Release|x64.Build.0 = Release|x64
		{009F5643-EE4E-3874-A62F-47A8C8813420}.Debug|x64.ActiveCfg = Debug|x64
		{009F5643-EE4E-3874-A62F-47A8C8813420}.Debug|x64.Build.0 = Debug|x64
		{009F5643-EE4E-3874-A62F-47A8C8813420}.Release|x64.ActiveCfg = Release|x64
		{009F5643-EE4E-3874-A62F-47A8C8813420}.Release|x64.Build.0 = Release|x64
		{93CA6BEC-DDD2-3048-8384-E26089697025}.Debug|x64.ActiveCfg = Debug|x64
		{93CA6BEC-DDD2-3048-8384-E26089697025}.Debug|x64.Build.0 = Debug|x64
		{93CA6BEC-DDD2-3048-8384-E26089697025}.Release|x64.ActiveCfg = Release|x64
		{93CA6BEC-DDD2-3048-8384-E26089697025}.Release|x64.Build.0 = Release|x64
		{6199C568-1D3E-3639-9B2C-DD547689C574}.Debug|x64.ActiveCfg = Debug|x64
		{6199C568-1D3E-3639-9B2C-DD547689C574}.Debug|x64.Build.0 = Debug|x64
		{6199C568-1D3E-3639-9B2C-DD547689C574}.Release|x64.ActiveCfg = Release|x64
		{6199C568-1D3E-3639-9B2C-DD547689C574}.Release|x64.Build.0 = Release|x64
		{FC4B4188-D340-3DC7-9794-E6672C8B308C}.Debug|x64.ActiveCfg = Debug|x64
		{FC4B4188-D340-3DC7-9794-E6672C8B308C}.Debug|x64.Build.0 = Debug|x64
		{FC4B4188-D340-3DC7-9794-E6672C8B308C}.Release|x64.ActiveCfg = Release|x64
		{FC4B4188-D340-3DC7-9794-E6672C8B308C}.Release|x64.Build.0 = Release|x64
		{FC0A33F5-243D-3C17-A86E-126817F7FC25}.Debug|x64.ActiveCfg = Debug|x64
		{FC0A33F5-243D-3C17-A86E-126817F7FC25}.Debug|x64.Build.0 = Debug|x64
		{FC0A33F5-243D-3C17-A86E-126817F7FC25}.Release|x64.ActiveCfg = Release|x64
		{FC0A33F5-243D-3C17-A86E-126817F7FC25}.Release|x64.Build.0 = Release|x64
		{6B878AAB-7E91-30EE-858C-B72CB9633840}.Debug|x64.ActiveCfg = Debug|x64
		{6B878AAB-7E91-30EE-858C-B72CB9633840}.Debug|x64.Build.0 = Debug|x64
		{6B878AAB-7E91-30EE-858C-B72CB9633840}.Release|x64.ActiveCfg = Release|x64
		{6B878AAB-7E91-30EE-858C-B72CB9633840}.Release|x64.Build.0 = Release|x64
		{75E5F60D-CCD0-34E2-A9FC-AD86F4077CA1}.Debug|x64.ActiveCfg = Debug|x64
		{75E5F60D-CCD0-34E2-A9FC-AD86F4077CA1}.Debug|x64.Build.0 = Debug|x64
		{75E5F60D-CCD0-34E2-A9FC-AD86F4077CA1}.Release|x64.ActiveCfg = Release|x64
		{75E5F60D-CCD0-34E2-A9FC-AD86F4077CA1}.Release|x64.Build.0 = Release|x64
		{2FD30709-9750-3AF8-ADBF-B840523557A5}.Debug|x64.ActiveCfg = Debug|x64
		{2FD30709-9750-3AF8-ADBF-B840523557A5}.Debug|x64.Build.0 = Debug|x64
		{2FD30709-9750-3AF8-ADBF-B840523557A5}.Release|x64.ActiveCfg = Release|x64
		{2FD30709-9750-3AF8-ADBF-B840523557A5}.Release|x64.Build.0 = Release|x64
		{5931399C-16D8-30C1-B978-C46762F9A85A}.Debug|x64.ActiveCfg = Debug|x64
		{5931399C-16D8-30C1-B978-C46762F9A85A}.Debug|x64.Build.0 = Debug|x64
		{5931399C-16D8-30C1-B978-C46762F9A85A}.Release|x64.ActiveCfg = Release|x64
		{5931399C-16D8-30C1-B978-C46762F9A85A}.Release|x64.Build.0 = Release|x64
		{723F0F4F-997C-3D7C-805A-0CD4B604D5C9}.Debug|x64.ActiveCfg = Debug|x64
		{723F0F4F-997C-3D7C-805A-0CD4B604D5C9}.Debug|x64.Build.0 = Debug|x64
		{723F0F4F-997C-3D7C-805A-0CD4B604D5C9}.Release|x64.ActiveCfg = Release|x64
		{723F0F4F-997C-3D7C-805A-0CD4B604D5C9}.Release|x64.Build.0 = Release|x64
		{24514F54-6755-30D2-8BD4-04C03A5F9AA4}.Debug|x64.ActiveCfg = Debug|x64
		{24514F54-6755-30D2-8BD4-04C03A5F9AA4}.Debug|x64.Build.0 = Debug|x64
		{24514F54-6755-30D2-8BD4-04C03A5F9AA4}.Release|x64.ActiveCfg = Release|x64
		{24514F54-6755-30D2-8BD4-04C03A5F9AA4}.Release|x64.Build.0 = Release|x64
		{7936A40F-9F52-3123-B2AE-DC69EA78D4C3}.Debug|x64.ActiveCfg = Debug|x64
		{7936A40F-9F52-3123-B2AE-DC69EA78D4C3}.Debug|x64.Build.0 = Debug|x64
		{7936A40F-9F52-3123-B2AE-DC69EA78D4C3}.Release|x64.ActiveCfg = Release|x64
		{7936A40F-9F52-3123-B2AE-DC69EA78D4C3}.Release|x64.Build.0 = Release|x64
		{474A93CB-0497-3266-B3BB-BF486A210DD4}.Debug|x64.ActiveCfg = Debug|x64
		{474A93CB-0497-3266-B3BB-BF486A210DD4}.Debug|x64.Build.0 = Debug|x64
		{474A93CB-0497-3266-B3BB-BF486A210DD4}.Release|x64.ActiveCfg = Release|x64
		{474A93CB-0497-3266-B3BB-BF486A210DD4}.Release|x64.Build.0 = Release|x64
		{5EE60F28-7547-3741-B60C-9A32A6B69688}.Debug|x64.ActiveCfg = Debug|x64
		{5EE60F28-7547-3741-B60C-9A32A6B69688}.Debug|x64.Build.0 = Debug|x64
		{5EE60F28-7547-3741-B60C-9A32A6B69688}.Release|x64.ActiveCfg = Release|x64
		{5EE60F28-7547-3741-B60C-9A32A6B69688}.Release|x64.Build.0 = Release|x64
		{4F743483-4861-3BA7-BC14-D736E9C5EADD}.Debug|x64.ActiveCfg = Debug|x64
		{4F743483-4861-3BA7-BC14-D736E9C5EADD}.Debug|x64.Build.0 = Debug|x64
		{4F743483-4861-3BA7-BC14-D736E9C5EADD}.Release|x64.ActiveCfg = Release|x64
		{4F743483-4861-3BA7-BC14-D736E9C5EADD}.Release|x64.Build.0 = Release|x64
		{C6E2272A-EA73-3240-8F5F-4914A4AE4BA2}.Debug|x64.ActiveCfg = Debug|x64
		{C6E2272A-EA73-3240-8F5F-4914A4AE4BA2}.Debug|x64.Build.0 = Debug|x64
		{C6E2272A-EA73-3240-8F5F-4914A4AE4BA2}.Release|x64.ActiveCfg = Release|x64
		{C6E2272A-EA73-3240-8F5F-4914A4AE4BA2}.Release|x64.Build.0 = Release|x64
		{6A4147D7-D9D9-3686-AB03-6439917AE865}.Debug|x64.ActiveCfg = Debug|x64
		{6A4147D7-D9D9-3686-AB03-6439917AE865}.Debug|x64.Build.0 = Debug|x64
		{6A4147D7-D9D9-3686-AB03-6439917AE865}.Release|x64.ActiveCfg = Release|x64
		{6A4147D7-D9D9-3686-AB03-6439917AE865}.Release|x64.Build.0 = Release|x64
		{4ABC843D-53E5-315B-946C-715F96C311CA}.Debug|x64.ActiveCfg = Debug|x64
		{4ABC843D-53E5-315B-946C-715F96C311CA}.Debug|x64.Build.0 = Debug|x64
		{4ABC843D-53E5-315B-946C-715F96C311CA}.Release|x64.ActiveCfg = Release|x64
		{4ABC843D-53E5-315B-946C-715F96C311CA}.Release|x64.Build.0 = Release|x64
		{D3704EB3-1E7F-3AF3-A553-A5FFC9E097AD}.Debug|x64.ActiveCfg = Debug|x64
		{D3704EB3-1E7F-3AF3-A553-A5FFC9E097AD}.Debug|x64.Build.0 = Debug|x64
		{D3704EB3-1E7F-3AF3-A553-A5FFC9E097AD}.Release|x64.ActiveCfg = Release|x64
		{D3704EB3-1E7F-3AF3-A553-A5FFC9E097AD}.Release|x64.Build.0 = Release|x64
		{E5777CF9-AE63-3671-9DC9-57590016EF4D}.Debug|x64.ActiveCfg = Debug|x64
		{E5777CF9-AE63-3671-9DC9-57590016EF4D}.Debug|x64.Build.0 = Debug|x64
		{E5777CF9-AE63-3671-9DC9-57590016EF4D}.Release|x64.ActiveCfg = Release|x64
		{E5777CF9-AE63-3671-9DC9-57590016EF4D}.Release|x64.Build.0 = Release|x64
		{33695D24-0FBD-31C0-8F10-8B3AB584838C}.Debug|x64.ActiveCfg = Debug|x64
		{33695D24-0FBD-31C0-8F10-8B3AB584838C}.Debug|x64.Build.0 = Debug|x64
		{33695D24-0FBD-31C0-8F10-8B3AB584838C}.Release|x64.ActiveCfg = Release|x64
		{33695D24-0FBD-31C0-8F10-8B3AB584838C}.Release|x64.Build.0 = Release|x64
		{B9116A01-837E-31A2-B861-2FAEA2918E7C}.Debug|x64.ActiveCfg = Debug|x64
		{B9116A01-837E-31A2-B861-2FAEA2918E7C}.Debug|x64.Build.0 = Debug|x64
		{B9116A01-837E-31A2-B861-2FAEA2918E7C}.Release|x64.ActiveCfg = Release|x64
		{B9116A01-837E-31A2-B861-2FAEA2918E7C}.Release|x64.Build.0 = Release|x64
		{4CF23346-87F4-3755-84F6-1DB0B1692F98}.Debug|x64.ActiveCfg = Debug|x64
		{4CF23346-87F4-3755-84F6-1DB0B1692F98}.Debug|x64.Build.0 = Debug|x64
		{4CF23346-87F4-3755-84F6-1DB0B1692F98}.Release|x64.ActiveCfg = Release|x64
		{4CF23346-87F4-3755-84F6-1DB0B1692F98}.Release|x64.Build.0 = Release|x64
		{2A87A064-C4A6-3D9E-B58D-11384D4E3B41}.Debug|x64.ActiveCfg = Debug|x64
		{2A87A064-C4A6-3D9E-B58D-11384D4E3B41}.Debug|x64.Build.0 = Debug|x64
		{2A87A064-C4A6-3D9E-B58D-11384D4E3B41}.Release|x64.ActiveCfg = Release|x64
		{2A87A064-C4A6-3D9E-B58D-11384D4E3B41}.Release|x64.Build.0 = Release|x64
		{BD5CDC80-F38C-3F07-B829-562F50793E03}.Debug|x64.ActiveCfg = Debug|x64
		{BD5CDC80-F38C-3F07-B829-562F50793E03}.Debug|x64.Build.0 = Debug|x64
		{BD5CDC80-F38C-3F07-B829-562F50793E03}.Release|x64.ActiveCfg = Release|x64
		{BD5CDC80-F38C-3F07-B829-562F50793E03}.Release|x64.Build.0 = Release|x64
		{DBE377A8-ED5B-3489-925A-4A7CEFD36D7C}.Debug|x64.ActiveCfg = Debug|x64
		{DBE377A8-ED5B-3489-925A-4A7CEFD36D7C}.Debug|x64.Build.0 = Debug|x64
		{DBE377A8-ED5B-3489-925A-4A7CEFD36D7C}.Release|x64.ActiveCfg = Release|x64
		{DBE377A8-ED5B-3489-925A-4A7CEFD36D7C}.Release|x64.Build.0 = Release|x64
		{9B618B3A-39AD-3E69-8BE3-A74373C03361}.Debug|x64.ActiveCfg = Debug|x64
		{9B618B3A-39AD-3E69-8BE3-A74373C03361}.Debug|x64.Build.0 = Debug|x64
		{9B618B3A-39AD-3E69-8BE3-A74373C03361}.Release|x64.ActiveCfg = Release|x64
		{9B618B3A-39AD-3E69-8BE3-A74373C03361}.Release|x64.Build.0 = Release|x64
		{4D97AB37-5AC5-3D82-B9A1-1E7D12B1CAEF}.Debug|x64.ActiveCfg = Debug|x64
		{4D97AB37-5AC5-3D82-B9A1-1E7D12B1CAEF}.Debug|x64.Build.0 = Debug|x64
		{4D97AB37-5AC5-3D82-B9A1-1E7D12B1CAEF}.Release|x64.ActiveCfg = Release|x64
		{4D97AB37-5AC5-3D82-B9A1-1E7D12B1CAEF}.Release|x64.Build.0 = Release|x64
		{C3C82641-0300-3CA8-B1EE-C36C2FA44DE1}.Debug|x64.ActiveCfg = Debug|x64
		{C3C82641-0300-3CA8-B1EE-C36C2FA44DE1}.Debug|x64.Build.0 = Debug|x64
		{C3C82641-0300-3CA8-B1EE-C36C2FA44DE1}.Release|x64.ActiveCfg = Release|x64
		{C3C82641-0300-3CA8-B1EE-C36C2FA44DE1}.Release|x64.Build.0 = Release|x64
		{7F7676AB-3158-3B41-93AB-2DA87C3CC8FA}.Debug|x64.ActiveCfg = Debug|x64
		{7F7676AB-3158-3B41-93AB-2DA87C3CC8FA}.Debug|x64.Build.0 = Debug|x64
		{7F7676AB-3158-3B41-93AB-2DA87C3CC8FA}.Release|x64.ActiveCfg = Release|x64
		{7F7676AB-3158-3B41-93AB-2DA87C3CC8FA}.Release|x64.Build.0 = Release|x64
		{3FCB05CA-1556-3BE0-A4E9-B4036F90557D}.Debug|x64.ActiveCfg = Debug|x64
		{3FCB05CA-1556-3BE0-A4E9-B4036F90557D}.Debug|x64.Build.0 = Debug|x64
		{3FCB05CA-1556-3BE0-A4E9-B4036F90557D}.Release|x64.ActiveCfg = Release|x64
		{3FCB05CA-1556-3BE0-A4E9-B4036F90557D}.Release|x64.Build.0 = Release|x64
		{2845D490-4ED1-3E9A-8C79-4F8E4EEDB68E}.Debug|x64.ActiveCfg = Debug|x64
		{2845D490-4ED1-3E9A-8C79-4F8E4EEDB68E}.Debug|x64.Build.0 = Debug|x64
		{2845D490-4ED1-3E9A-8C79-4F8E4EEDB68E}.Release|x64.ActiveCfg = Release|x64
		{2845D490-4ED1-3E9A-8C79-4F8E4EEDB68E}.Release|x64.Build.0 = Release|x64
		{43FB73BC-FBD6-3E9B-9D43-7ADA29E09577}.Debug|x64.ActiveCfg = Debug|x64
		{43FB73BC-FBD6-3E9B-9D43-7ADA29E09577}.Debug|x64.Build.0 = Debug|x64
		{43FB73BC-FBD6-3E9B-9D43-7ADA29E09577}.Release|x64.ActiveCfg = Release|x64
		{43FB73BC-FBD6-3E9B-9D43-7ADA29E09577}.Release|x64.Build.0 = Release|x64
		{0E655858-F9FA-38C2-B8D8-AB212B694417}.Debug|x64.ActiveCfg = Debug|x64
		{0E655858-F9FA-38C2-B8D8-AB212B694417}.Debug|x64.Build.0 = Debug|x64
		{0E655858-F9FA-38C2-B8D8-AB212B694417}.Release|x64.ActiveCfg = Release|x64
		{0E655858-F9FA-38C2-B8D8-AB212B694417}.Release|x64.Build.0 = Release|x64
		{3CC5BDE6-32A8-3990-91D9-33E086A29388}.Debug|x64.ActiveCfg = Debug|x64
		{3CC5BDE6-32A8-3990-91D9-33E086A29388}.Debug|x64.Build.0 = Debug|x64
		{3CC5BDE6-32A8-3990-91D9-33E086A29388}.Release|x64.ActiveCfg = Release|x64
		{3CC5BDE6-32A8-3990-91D9-33E086A29388}.Release|x64.Build.0 = Release|x64
		{15B5AABB-CF38-38B4-911C-140151DF37B9}.Debug|x64.ActiveCfg = Debug|x64
		{15B5AABB-CF38-38B4-911C-140151DF37B9}.Debug|x64.Build.0 = Debug|x64
		{15B5AABB-CF38-38B4-911C-140151DF37B9}.Release|x64.ActiveCfg = Release|x64
		{15B5AABB-CF38-38B4-911C-140151DF37B9}.Release|x64.Build.0 = Release|x64
		{D363ECB5-C72E-3C0C-81E2-61EFFB08ABB6}.Debug|x64.ActiveCfg = Debug|x64
		{D363ECB5-C72E-3C0C-81E2-61EFFB08ABB6}.Debug|x64.Build.0 = Debug|x64
		{D363ECB5-C72E-3C0C-81E2-61EFFB08ABB6}.Release|x64.ActiveCfg = Release|x64
		{D363ECB5-C72E-3C0C-81E2-61EFFB08ABB6}.Release|x64.Build.0 = Release|x64
		{755E8584-1A91-3A0F-8301-BD43B2944417}.Debug|x64.ActiveCfg = Debug|x64
		{755E8584-1A91-3A0F-8301-BD43B2944417}.Debug|x64.Build.0 = Debug|x64
		{755E8584-1A91-3A0F-8301-BD43B2944417}.Release|x64.ActiveCfg = Release|x64
		{755E8584-1A91-3A0F-8301-BD43B2944417}.Release|x64.Build.0 = Release|x64
		{CE42603E-5089-3B3B-898D-CB9693FF8D63}.Debug|x64.ActiveCfg = Debug|x64
		{CE42603E-5089-3B3B-898D-CB9693FF8D63}.Debug|x64.Build.0 = Debug|x64
		{CE42603E-5089-3B3B-898D-CB9693FF8D63}.Release|x64.ActiveCfg = Release|x64
		{CE42603E-5089-3B3B-898D-CB9693FF8D63}.Release|x64.Build.0 = Release|x64
		{8700A1DB-AB53-3966-A618-AA20EE7C0B07}.Debug|x64.ActiveCfg = Debug|x64
		{8700A1DB-AB53-3966-A618-AA20EE7C0B07}.Debug|x64.Build.0 = Debug|x64
		{8700A1DB-AB53-3966-A618-AA20EE7C0B07}.Release|x64.ActiveCfg = Release|x64
		{8700A1DB-AB53-3966-A618-AA20EE7C0B07}.Release|x64.Build.0 = Release|x64
		{86A62E22-2B99-39E1-A4E8-B5B2C6B6301C}.Debug|x64.ActiveCfg = Debug|x64
		{86A62E22-2B99-39E1-A4E8-B5B2C6B6301C}.Debug|x64.Build.0 = Debug|x64
		{86A62E22-2B99-39E1-A4E8-B5B2C6B6301C}.Release|x64.ActiveCfg = Release|x64
		{86A62E22-2B99-39E1-A4E8-B5B2C6B6301C}.Release|x64.Build.0 = Release|x64
		{78E7D895-F540-385F-A028-7A17BEE89744}.Debug|x64.ActiveCfg = Debug|x64
		{78E7D895-F540-385F-A028-7A17BEE89744}.Debug|x64.Build.0 = Debug|x64
		{78E7D895-F540-385F-A028-7A17BEE89744}.Release|x64.ActiveCfg = Release|x64
		{78E7D895-F540-385F-A028-7A17BEE89744}.Release|x64.Build.0 = Release|x64
		{05686DA0-2606-366F-831C-4EC2565ACBE2}.Debug|x64.ActiveCfg = Debug|x64
		{05686DA0-2606-366F-831C-4EC2565ACBE2}.Debug|x64.Build.0 = Debug|x64
		{05686DA0-2606-366F-831C-4EC2565ACBE2}.Release|x64.ActiveCfg = Release|x64
		{05686DA0-2606-366F-831C-4EC2565ACBE2}.Release|x64.Build.0 = Release|x64
		{6838CE91-70CE-3172-A930-D19B4C766F07}.Debug|x64.ActiveCfg = Debug|x64
		{6838CE91-70CE-3172-A930-D19B4C766F07}.Debug|x64.Build.0 = Debug|x64
		{6838CE91-70CE-3172-A930-D19B4C766F07}.Release|x64.ActiveCfg = Release|x64
		{6838CE91-70CE-3172-A930-D19B4C766F07}.Release|x64.Build.0 = Release|x64
		{31301D98-3AA8-3D6E-A62D-6D626E184BBC}.Debug|x64.ActiveCfg = Debug|x64
		{31301D98-3AA8-3D6E-A62D-6D626E184BBC}.Debug|x64.Build.0 = Debug|x64
		{31301D98-3AA8-3D6E-A62D-6D626E184BBC}.Release|x64.ActiveCfg = Release|x64
		{31301D98-3AA8-3D6E-A62D-6D626E184BBC}.Release|x64.Build.0 = Release|x64
		{7A36AABD-8E3B-3B40-8DD6-A92931D02E3C}.Debug|x64.ActiveCfg = Debug|x64
		{7A36AABD-8E3B-3B40-8DD6-A92931D02E3C}.Debug|x64.Build.0 = Debug|x64
		{7A36AABD-8E3B-3B40-8DD6-A92931D02E3C}.Release|x64.ActiveCfg = Release|x64
		{7A36AABD-8E3B-3B40-8DD6-A92931D02E3C}.Release|x64.Build.0 = Release|x64
		{0535D4B8-E410-395D-8C84-F5193562023A}.Debug|x64.ActiveCfg = Debug|x64
		{0535D4B8-E410-395D-8C84-F5193562023A}.Debug|x64.Build.0 = Debug|x64
		{0535D4B8-E410-395D-8C84-F5193562023A}.Release|x64.ActiveCfg = Release|x64
		{0535D4B8-E410-395D-8C84-F5193562023A}.Release|x64.Build.0 = Release|x64
		{377CBBFF-A6CA-38BB-8BD6-185F140FA007}.Debug|x64.ActiveCfg = Debug|x64
		{377CBBFF-A6CA-38BB-8BD6-185F140FA007}.Debug|x64.Build.0 = Debug|x64
		{377CBBFF-A6CA-38BB-8BD6-185F140FA007}.Release|x64.ActiveCfg = Release|x64
		{377CBBFF-A6CA-38BB-8BD6-185F140FA007}.Release|x64.Build.0 = Release|x64
		{19B3A09E-7B31-3B01-B017-5E293BDE78EC}.Debug|x64.ActiveCfg = Debug|x64
		{19B3A09E-7B31-3B01-B017-5E293BDE78EC}.Debug|x64.Build.0 = Debug|x64
		{19B3A09E-7B31-3B01-B017-5E293BDE78EC}.Release|x64.ActiveCfg = Release|x64
		{19B3A09E-7B31-3B01-B017-5E293BDE78EC}.Release|x64.Build.0 = Release|x64
		{5011BFBD-DB10-3D76-9BB4-C9E9E88EF52B}.Debug|x64.ActiveCfg = Debug|x64
		{5011BFBD-DB10-3D76-9BB4-C9E9E88EF52B}.Debug|x64.Build.0 = Debug|x64
		{5011BFBD-DB10-3D76-9BB4-C9E9E88EF52B}.Release|x64.ActiveCfg = Release|x64
		{5011BFBD-DB10-3D76-9BB4-C9E9E88EF52B}.Release|x64.Build.0 = Release|x64
		{B54AA56A-5A93-387C-A585-57A3B982C982}.Debug|x64.ActiveCfg = Debug|x64
		{B54AA56A-5A93-387C-A585-57A3B982C982}.Debug|x64.Build.0 = Debug|x64
		{B54AA56A-5A93-387C-A585-57A3B982C982}.Release|x64.ActiveCfg = Release|x64
		{B54AA56A-5A93-387C-A585-57A3B982C982}.Release|x64.Build.0 = Release|x64
		{5915849D-4CB5-31DF-B157-B8791E83F0E4}.Debug|x64.ActiveCfg = Debug|x64
		{5915849D-4CB5-31DF-B157-B8791E83F0E4}.Debug|x64.Build.0 = Debug|x64
		{5915849D-4CB5-31DF-B157-B8791E83F0E4}.Release|x64.ActiveCfg = Release|x64
		{5915849D-4CB5-31DF-B157-B8791E83F0E4}.Release|x64.Build.0 = Release|x64
		{0CC2F14D-9614-3202-A1DE-177767205BEB}.Debug|x64.ActiveCfg = Debug|x64
		{0CC2F14D-9614-3202-A1DE-177767205BEB}.Debug|x64.Build.0 = Debug|x64
		{0CC2F14D-9614-3202-A1DE-177767205BEB}.Release|x64.ActiveCfg = Release|x64
		{0CC2F14D-9614-3202-A1DE-177767205BEB}.Release|x64.Build.0 = Release|x64
		{FC195645-113C-3D08-A918-5D2DAB517E93}.Debug|x64.ActiveCfg = Debug|x64
		{FC195645-113C-3D08-A918-5D2DAB517E93}.Debug|x64.Build.0 = Debug|x64
		{FC195645-113C-3D08-A918-5D2DAB517E93}.Release|x64.ActiveCfg = Release|x64
		{FC195645-113C-3D08-A918-5D2DAB517E93}.Release|x64.Build.0 = Release|x64
		{5314D004-3E40-34F2-97A2-25AD2340C751}.Debug|x64.ActiveCfg = Debug|x64
		{5314D004-3E40-34F2-97A2-25AD2340C751}.Debug|x64.Build.0 = Debug|x64
		{5314D004-3E40-34F2-97A2-25AD2340C751}.Release|x64.ActiveCfg = Release|x64
		{5314D004-3E40-34F2-97A2-25AD2340C751}.Release|x64.Build.0 = Release|x64
		{A55C3922-1B8E-3D8C-82A4-0FC187FE1A82}.Debug|x64.ActiveCfg = Debug|x64
		{A55C3922-1B8E-3D8C-82A4-0FC187FE1A82}.Debug|x64.Build.0 = Debug|x64
		{A55C3922-1B8E-3D8C-82A4-0FC187FE1A82}.Release|x64.ActiveCfg = Release|x64
		{A55C3922-1B8E-3D8C-82A4-0FC187FE1A82}.Release|x64.Build.0 = Release|x64
		{F2213665-3611-3BCF-BA5B-E949D45EC973}.Debug|x64.ActiveCfg = Debug|x64
		{F2213665-3611-3BCF-BA5B-E949D45EC973}.Debug|x64.Build.0 = Debug|x64
		{F2213665-3611-3BCF-BA5B-E949D45EC973}.Release|x64.ActiveCfg = Release|x64
		{F2213665-3611-3BCF-BA5B-E949D45EC973}.Release|x64.Build.0 = Release|x64
		{8ECED228-5EB7-3EAE-9009-50B42F5B1CD0}.Debug|x64.ActiveCfg = Debug|x64
		{8ECED228-5EB7-3EAE-9009-50B42F5B1CD0}.Debug|x64.Build.0 = Debug|x64
		{8ECED228-5EB7-3EAE-9009-50B42F5B1CD0}.Release|x64.ActiveCfg = Release|x64
		{8ECED228-5EB7-3EAE-9009-50B42F5B1CD0}.Release|x64.Build.0 = Release|x64
		{2C83C679-92DE-3723-B6FF-7F530C10C3DD}.Debug|x64.ActiveCfg = Debug|x64
		{2C83C679-92DE-3723-B6FF-7F530C10C3DD}.Debug|x64.Build.0 = Debug|x64
		{2C83C679-92DE-3723-B6FF-7F530C10C3DD}.Release|x64.ActiveCfg = Release|x64
		{2C83C679-92DE-3723-B6FF-7F530C10C3DD}.Release|x64.Build.0 = Release|x64
		{F2199F2D-33CA-36DA-BE64-B7BF2CFE732C}.Debug|x64.ActiveCfg = Debug|x64
		{F2199F2D-33CA-36DA-BE64-B7BF2CFE732C}.Debug|x64.Build.0 = Debug|x64
		{F2199F2D-33CA-36DA-BE64-B7BF2CFE732C}.Release|x64.ActiveCfg = Release|x64
		{F2199F2D-33CA-36DA-BE64-B7BF2CFE732C}.Release|x64.Build.0 = Release|x64
		{6EF3AF94-0C07-3E45-999E-3B9D6FC906BA}.Debug|x64.ActiveCfg = Debug|x64
		{6EF3AF94-0C07-3E45-999E-3B9D6FC906BA}.Debug|x64.Build.0 = Debug|x64
		{6EF3AF94-0C07-3E45-999E-3B9D6FC906BA}.Release|x64.ActiveCfg = Release|x64
		{6EF3AF94-0C07-3E45-999E-3B9D6FC906BA}.Release|x64.Build.0 = Release|x64
		{F14CC2EC-7CE6-35F0-BECE-3F00345560A8}.Debug|x64.ActiveCfg = Debug|x64
		{F14CC2EC-7CE6-35F0-BECE-3F00345560A8}.Debug|x64.Build.0 = Debug|x64
		{F14CC2EC-7CE6-35F0-BECE-3F00345560A8}.Release|x64.ActiveCfg = Release|x64
		{F14CC2EC-7CE6-35F0-BECE-3F00345560A8}.Release|x64.Build.0 = Release|x64
		{12486FF8-70E8-3779-B617-8A70B9D4F0D3}.Debug|x64.ActiveCfg = Debug|x64
		{12486FF8-70E8-3779-B617-8A70B9D4F0D3}.Debug|x64.Build.0 = Debug|x64
		{12486FF8-70E8-3779-B617-8A70B9D4F0D3}.Release|x64.ActiveCfg = Release|x64
		{12486FF8-70E8-3779-B617-8A70B9D4F0D3}.Release|x64.Build.0 = Release|x64
		{D1C54C8B-61BA-31A9-B183-DE5F981577ED}.Debug|x64.ActiveCfg = Debug|x64
		{D1C54C8B-61BA-31A9-B183-DE5F981577ED}.Debug|x64.Build.0 = Debug|x64
		{D1C54C8B-61BA-31A9-B183-DE5F981577ED}.Release|x64.ActiveCfg = Release|x64
		{D1C54C8B-61BA-31A9-B183-DE5F981577ED}.Release|x64.Build.0 = Release|x64
		{DE44784A-548D-335B-B258-5AF93CFED29C}.Debug|x64.ActiveCfg = Debug|x64
		{DE44784A-548D-335B-B258-5AF93CFED29C}.Debug|x64.Build.0 = Debug|x64
		{DE44784A-548D-335B-B258-5AF93CFED29C}.Release|x64.ActiveCfg = Release|x64
		{DE44784A-548D-335B-B258-5AF93CFED29C}.Release|x64.Build.0 = Release|x64
	EndGlobalSection
	GlobalSection(ExtensibilityGlobals) = postSolution
		SolutionGuid = {9B582F68-69CC-3B47-A115-69B605E4BDDD}
	EndGlobalSection
	GlobalSection(ExtensibilityAddIns) = postSolution
	EndGlobalSection
EndGlobal
