<?xml version="1.0" encoding="UTF-8"?>
<Project ToolsVersion="14.0" xmlns="http://schemas.microsoft.com/developer/msbuild/2003">
  <ItemGroup>
    <ClCompile Include="E:\Source\libwebp\imageio\image_dec.c">
      <Filter>Source Files</Filter>
    </ClCompile>
    <ClCompile Include="E:\Source\libwebp\imageio\jpegdec.c">
      <Filter>Source Files</Filter>
    </ClCompile>
    <ClCompile Include="E:\Source\libwebp\imageio\metadata.c">
      <Filter>Source Files</Filter>
    </ClCompile>
    <ClCompile Include="E:\Source\libwebp\imageio\pngdec.c">
      <Filter>Source Files</Filter>
    </ClCompile>
    <ClCompile Include="E:\Source\libwebp\imageio\pnmdec.c">
      <Filter>Source Files</Filter>
    </ClCompile>
    <ClCompile Include="E:\Source\libwebp\imageio\tiffdec.c">
      <Filter>Source Files</Filter>
    </ClCompile>
    <ClCompile Include="E:\Source\libwebp\imageio\webpdec.c">
      <Filter>Source Files</Filter>
    </ClCompile>
    <ClCompile Include="E:\Source\libwebp\imageio\wicdec.c">
      <Filter>Source Files</Filter>
    </ClCompile>
  </ItemGroup>
  <ItemGroup>
    <ClInclude Include="E:\Source\libwebp\imageio\image_dec.h">
      <Filter>Header Files</Filter>
    </ClInclude>
    <ClInclude Include="E:\Source\libwebp\imageio\jpegdec.h">
      <Filter>Header Files</Filter>
    </ClInclude>
    <ClInclude Include="E:\Source\libwebp\imageio\metadata.h">
      <Filter>Header Files</Filter>
    </ClInclude>
    <ClInclude Include="E:\Source\libwebp\imageio\pngdec.h">
      <Filter>Header Files</Filter>
    </ClInclude>
    <ClInclude Include="E:\Source\libwebp\imageio\pnmdec.h">
      <Filter>Header Files</Filter>
    </ClInclude>
    <ClInclude Include="E:\Source\libwebp\imageio\tiffdec.h">
      <Filter>Header Files</Filter>
    </ClInclude>
    <ClInclude Include="E:\Source\libwebp\imageio\webpdec.h">
      <Filter>Header Files</Filter>
    </ClInclude>
    <ClInclude Include="E:\Source\libwebp\imageio\wicdec.h">
      <Filter>Header Files</Filter>
    </ClInclude>
  </ItemGroup>
  <ItemGroup>
    <CustomBuild Include="E:\Source\libwebp\CMakeLists.txt" />
  </ItemGroup>
  <ItemGroup>
    <Filter Include="Source Files">
      <UniqueIdentifier>{4CC22C92-1753-3743-9D61-1A0CFE7ED900}</UniqueIdentifier>
    </Filter>
    <Filter Include="Header Files">
      <UniqueIdentifier>{C3FC9CCD-8315-3B1C-8BD6-073236C89FCB}</UniqueIdentifier>
    </Filter>
  </ItemGroup>
</Project>
