<?xml version="1.0" encoding="UTF-8"?>
<Project ToolsVersion="14.0" xmlns="http://schemas.microsoft.com/developer/msbuild/2003">
  <ItemGroup>
    <ClCompile Include="E:\Source\libwebp\src\enc\alpha_enc.c">
      <Filter>Source Files</Filter>
    </ClCompile>
    <ClCompile Include="E:\Source\libwebp\src\enc\analysis_enc.c">
      <Filter>Source Files</Filter>
    </ClCompile>
    <ClCompile Include="E:\Source\libwebp\src\enc\backward_references_cost_enc.c">
      <Filter>Source Files</Filter>
    </ClCompile>
    <ClCompile Include="E:\Source\libwebp\src\enc\backward_references_enc.c">
      <Filter>Source Files</Filter>
    </ClCompile>
    <ClCompile Include="E:\Source\libwebp\src\enc\config_enc.c">
      <Filter>Source Files</Filter>
    </ClCompile>
    <ClCompile Include="E:\Source\libwebp\src\enc\cost_enc.c">
      <Filter>Source Files</Filter>
    </ClCompile>
    <ClCompile Include="E:\Source\libwebp\src\enc\filter_enc.c">
      <Filter>Source Files</Filter>
    </ClCompile>
    <ClCompile Include="E:\Source\libwebp\src\enc\frame_enc.c">
      <Filter>Source Files</Filter>
    </ClCompile>
    <ClCompile Include="E:\Source\libwebp\src\enc\histogram_enc.c">
      <Filter>Source Files</Filter>
    </ClCompile>
    <ClCompile Include="E:\Source\libwebp\src\enc\iterator_enc.c">
      <Filter>Source Files</Filter>
    </ClCompile>
    <ClCompile Include="E:\Source\libwebp\src\enc\near_lossless_enc.c">
      <Filter>Source Files</Filter>
    </ClCompile>
    <ClCompile Include="E:\Source\libwebp\src\enc\picture_enc.c">
      <Filter>Source Files</Filter>
    </ClCompile>
    <ClCompile Include="E:\Source\libwebp\src\enc\picture_csp_enc.c">
      <Filter>Source Files</Filter>
    </ClCompile>
    <ClCompile Include="E:\Source\libwebp\src\enc\picture_psnr_enc.c">
      <Filter>Source Files</Filter>
    </ClCompile>
    <ClCompile Include="E:\Source\libwebp\src\enc\picture_rescale_enc.c">
      <Filter>Source Files</Filter>
    </ClCompile>
    <ClCompile Include="E:\Source\libwebp\src\enc\picture_tools_enc.c">
      <Filter>Source Files</Filter>
    </ClCompile>
    <ClCompile Include="E:\Source\libwebp\src\enc\predictor_enc.c">
      <Filter>Source Files</Filter>
    </ClCompile>
    <ClCompile Include="E:\Source\libwebp\src\enc\quant_enc.c">
      <Filter>Source Files</Filter>
    </ClCompile>
    <ClCompile Include="E:\Source\libwebp\src\enc\syntax_enc.c">
      <Filter>Source Files</Filter>
    </ClCompile>
    <ClCompile Include="E:\Source\libwebp\src\enc\token_enc.c">
      <Filter>Source Files</Filter>
    </ClCompile>
    <ClCompile Include="E:\Source\libwebp\src\enc\tree_enc.c">
      <Filter>Source Files</Filter>
    </ClCompile>
    <ClCompile Include="E:\Source\libwebp\src\enc\vp8l_enc.c">
      <Filter>Source Files</Filter>
    </ClCompile>
    <ClCompile Include="E:\Source\libwebp\src\enc\webp_enc.c">
      <Filter>Source Files</Filter>
    </ClCompile>
  </ItemGroup>
  <ItemGroup>
    <ClInclude Include="E:\Source\libwebp\src\enc\backward_references_enc.h">
      <Filter>Header Files</Filter>
    </ClInclude>
    <ClInclude Include="E:\Source\libwebp\src\enc\cost_enc.h">
      <Filter>Header Files</Filter>
    </ClInclude>
    <ClInclude Include="E:\Source\libwebp\src\enc\histogram_enc.h">
      <Filter>Header Files</Filter>
    </ClInclude>
    <ClInclude Include="E:\Source\libwebp\src\enc\vp8i_enc.h">
      <Filter>Header Files</Filter>
    </ClInclude>
    <ClInclude Include="E:\Source\libwebp\src\enc\vp8li_enc.h">
      <Filter>Header Files</Filter>
    </ClInclude>
  </ItemGroup>
  <ItemGroup>
    <CustomBuild Include="E:\Source\libwebp\CMakeLists.txt" />
  </ItemGroup>
  <ItemGroup>
    <Filter Include="Source Files">
      <UniqueIdentifier>{4CC22C92-1753-3743-9D61-1A0CFE7ED900}</UniqueIdentifier>
    </Filter>
    <Filter Include="Header Files">
      <UniqueIdentifier>{C3FC9CCD-8315-3B1C-8BD6-073236C89FCB}</UniqueIdentifier>
    </Filter>
  </ItemGroup>
</Project>
